{
  "pins" : [
    {
      "identity" : "sceyt-chat-ios-sdk",
      "kind" : "remoteSourceControl",
      "location" : "https://github.com/sceyt/sceyt-chat-ios-sdk.git",
      "state" : {
        "revision" : "f0968e50e6277f0d50c0709aeb7c5e394b9f34f1",
        "version" : "1.5.4"
      }
    }
  ],
  "version" : 2
}
