{
  "pins" : [
    {
      "identity" : "sceyt-chat-ios-sdk",
      "kind" : "remoteSourceControl",
      "location" : "https://github.com/sceyt/sceyt-chat-ios-sdk.git",
      "state" : {
        "revision" : "00e7e1e4aac76cc4c3649b4832f7b38ee651a1b3",
        "version" : "1.5.1"
      }
    }
  ],
  "version" : 2
}
