{
  "pins" : [
    {
      "identity" : "sceyt-chat-ios-sdk",
      "kind" : "remoteSourceControl",
      "location" : "https://github.com/sceyt/sceyt-chat-ios-sdk.git",
      "state" : {
        "revision" : "154abb9aa193ac07dd167521cb0cb6859d8edeb2",
        "version" : "1.5.2"
      }
    }
  ],
  "version" : 2
}
