// !$*UTF8*$!
{
	archiveVersion = 1;
	classes = {
	};
	objectVersion = 56;
	objects = {

/* Begin PBXBuildFile section */
		C5BEDEBB2AEB996C0076E4CC /* AppDelegate.swift in Sources */ = {isa = PBXBuildFile; fileRef = C5BEDEBA2AEB996C0076E4CC /* AppDelegate.swift */; };
		C5BEDEBD2AEB996C0076E4CC /* SceneDelegate.swift in Sources */ = {isa = PBXBuildFile; fileRef = C5BEDEBC2AEB996C0076E4CC /* SceneDelegate.swift */; };
		C5BEDEBF2AEB996C0076E4CC /* DemoViewController.swift in Sources */ = {isa = PBXBuildFile; fileRef = C5BEDEBE2AEB996C0076E4CC /* DemoViewController.swift */; };
		C5BEDEC22AEB996C0076E4CC /* Main.storyboard in Resources */ = {isa = PBXBuildFile; fileRef = C5BEDEC02AEB996C0076E4CC /* Main.storyboard */; };
		C5BEDEC42AEB996D0076E4CC /* Assets.xcassets in Resources */ = {isa = PBXBuildFile; fileRef = C5BEDEC32AEB996D0076E4CC /* Assets.xcassets */; };
		C5BEDEC72AEB996D0076E4CC /* LaunchScreen.storyboard in Resources */ = {isa = PBXBuildFile; fileRef = C5BEDEC52AEB996D0076E4CC /* LaunchScreen.storyboard */; };
		C5BEDED22AEB9A390076E4CC /* Config.swift in Sources */ = {isa = PBXBuildFile; fileRef = C5BEDED12AEB9A390076E4CC /* Config.swift */; };
		C5BEDED52AEB9A770076E4CC /* SceytChatUIKit in Frameworks */ = {isa = PBXBuildFile; productRef = C5BEDED42AEB9A770076E4CC /* SceytChatUIKit */; };
		C5CAC5DE2AEBD3F1007EA2C2 /* SceytChatUIKit in Frameworks */ = {isa = PBXBuildFile; productRef = C5CAC5DD2AEBD3F1007EA2C2 /* SceytChatUIKit */; };
/* End PBXBuildFile section */

/* Begin PBXFileReference section */
		C5BEDEB72AEB996C0076E4CC /* DemoApp.app */ = {isa = PBXFileReference; explicitFileType = wrapper.application; includeInIndex = 0; path = DemoApp.app; sourceTree = BUILT_PRODUCTS_DIR; };
		C5BEDEBA2AEB996C0076E4CC /* AppDelegate.swift */ = {isa = PBXFileReference; lastKnownFileType = sourcecode.swift; path = AppDelegate.swift; sourceTree = "<group>"; };
		C5BEDEBC2AEB996C0076E4CC /* SceneDelegate.swift */ = {isa = PBXFileReference; lastKnownFileType = sourcecode.swift; path = SceneDelegate.swift; sourceTree = "<group>"; };
		C5BEDEBE2AEB996C0076E4CC /* DemoViewController.swift */ = {isa = PBXFileReference; lastKnownFileType = sourcecode.swift; path = DemoViewController.swift; sourceTree = "<group>"; };
		C5BEDEC12AEB996C0076E4CC /* Base */ = {isa = PBXFileReference; lastKnownFileType = file.storyboard; name = Base; path = Base.lproj/Main.storyboard; sourceTree = "<group>"; };
		C5BEDEC32AEB996D0076E4CC /* Assets.xcassets */ = {isa = PBXFileReference; lastKnownFileType = folder.assetcatalog; path = Assets.xcassets; sourceTree = "<group>"; };
		C5BEDEC62AEB996D0076E4CC /* Base */ = {isa = PBXFileReference; lastKnownFileType = file.storyboard; name = Base; path = Base.lproj/LaunchScreen.storyboard; sourceTree = "<group>"; };
		C5BEDEC82AEB996D0076E4CC /* Info.plist */ = {isa = PBXFileReference; lastKnownFileType = text.plist.xml; path = Info.plist; sourceTree = "<group>"; };
		C5BEDED12AEB9A390076E4CC /* Config.swift */ = {isa = PBXFileReference; fileEncoding = 4; lastKnownFileType = sourcecode.swift; path = Config.swift; sourceTree = "<group>"; };
/* End PBXFileReference section */

/* Begin PBXFrameworksBuildPhase section */
		C5BEDEB42AEB996C0076E4CC /* Frameworks */ = {
			isa = PBXFrameworksBuildPhase;
			buildActionMask = 2147483647;
			files = (
				C5CAC5DE2AEBD3F1007EA2C2 /* SceytChatUIKit in Frameworks */,
				C5BEDED52AEB9A770076E4CC /* SceytChatUIKit in Frameworks */,
			);
			runOnlyForDeploymentPostprocessing = 0;
		};
/* End PBXFrameworksBuildPhase section */

/* Begin PBXGroup section */
		C5BEDEAE2AEB996C0076E4CC = {
			isa = PBXGroup;
			children = (
				C5BEDEB92AEB996C0076E4CC /* DemoApp */,
				C5BEDEB82AEB996C0076E4CC /* Products */,
			);
			sourceTree = "<group>";
		};
		C5BEDEB82AEB996C0076E4CC /* Products */ = {
			isa = PBXGroup;
			children = (
				C5BEDEB72AEB996C0076E4CC /* DemoApp.app */,
			);
			name = Products;
			sourceTree = "<group>";
		};
		C5BEDEB92AEB996C0076E4CC /* DemoApp */ = {
			isa = PBXGroup;
			children = (
				C5BEDEBA2AEB996C0076E4CC /* AppDelegate.swift */,
				C5BEDEBC2AEB996C0076E4CC /* SceneDelegate.swift */,
				C5BEDEBE2AEB996C0076E4CC /* DemoViewController.swift */,
				C5BEDED12AEB9A390076E4CC /* Config.swift */,
				C5BEDEC02AEB996C0076E4CC /* Main.storyboard */,
				C5BEDEC32AEB996D0076E4CC /* Assets.xcassets */,
				C5BEDEC52AEB996D0076E4CC /* LaunchScreen.storyboard */,
				C5BEDEC82AEB996D0076E4CC /* Info.plist */,
			);
			path = DemoApp;
			sourceTree = "<group>";
		};
/* End PBXGroup section */

/* Begin PBXNativeTarget section */
		C5BEDEB62AEB996C0076E4CC /* DemoApp */ = {
			isa = PBXNativeTarget;
			buildConfigurationList = C5BEDECB2AEB996D0076E4CC /* Build configuration list for PBXNativeTarget "DemoApp" */;
			buildPhases = (
				C5BEDEB32AEB996C0076E4CC /* Sources */,
				C5BEDEB42AEB996C0076E4CC /* Frameworks */,
				C5BEDEB52AEB996C0076E4CC /* Resources */,
			);
			buildRules = (
			);
			dependencies = (
			);
			name = DemoApp;
			packageProductDependencies = (
				C5BEDED42AEB9A770076E4CC /* SceytChatUIKit */,
				C5CAC5DD2AEBD3F1007EA2C2 /* SceytChatUIKit */,
			);
			productName = DemoApp;
			productReference = C5BEDEB72AEB996C0076E4CC /* DemoApp.app */;
			productType = "com.apple.product-type.application";
		};
/* End PBXNativeTarget section */

/* Begin PBXProject section */
		C5BEDEAF2AEB996C0076E4CC /* Project object */ = {
			isa = PBXProject;
			attributes = {
				BuildIndependentTargetsInParallel = 1;
				LastSwiftUpdateCheck = 1500;
				LastUpgradeCheck = 1500;
				TargetAttributes = {
					C5BEDEB62AEB996C0076E4CC = {
						CreatedOnToolsVersion = 15.0.1;
					};
				};
			};
			buildConfigurationList = C5BEDEB22AEB996C0076E4CC /* Build configuration list for PBXProject "DemoApp" */;
			compatibilityVersion = "Xcode 14.0";
			developmentRegion = en;
			hasScannedForEncodings = 0;
			knownRegions = (
				en,
				Base,
			);
			mainGroup = C5BEDEAE2AEB996C0076E4CC;
			packageReferences = (
				C5CAC5DC2AEBD3F1007EA2C2 /* XCRemoteSwiftPackageReference "sceyt-chat-ios-uikit" */,
			);
			productRefGroup = C5BEDEB82AEB996C0076E4CC /* Products */;
			projectDirPath = "";
			projectRoot = "";
			targets = (
				C5BEDEB62AEB996C0076E4CC /* DemoApp */,
			);
		};
/* End PBXProject section */

/* Begin PBXResourcesBuildPhase section */
		C5BEDEB52AEB996C0076E4CC /* Resources */ = {
			isa = PBXResourcesBuildPhase;
			buildActionMask = 2147483647;
			files = (
				C5BEDEC72AEB996D0076E4CC /* LaunchScreen.storyboard in Resources */,
				C5BEDEC42AEB996D0076E4CC /* Assets.xcassets in Resources */,
				C5BEDEC22AEB996C0076E4CC /* Main.storyboard in Resources */,
			);
			runOnlyForDeploymentPostprocessing = 0;
		};
/* End PBXResourcesBuildPhase section */

/* Begin PBXSourcesBuildPhase section */
		C5BEDEB32AEB996C0076E4CC /* Sources */ = {
			isa = PBXSourcesBuildPhase;
			buildActionMask = 2147483647;
			files = (
				C5BEDEBF2AEB996C0076E4CC /* DemoViewController.swift in Sources */,
				C5BEDED22AEB9A390076E4CC /* Config.swift in Sources */,
				C5BEDEBB2AEB996C0076E4CC /* AppDelegate.swift in Sources */,
				C5BEDEBD2AEB996C0076E4CC /* SceneDelegate.swift in Sources */,
			);
			runOnlyForDeploymentPostprocessing = 0;
		};
/* End PBXSourcesBuildPhase section */

/* Begin PBXVariantGroup section */
		C5BEDEC02AEB996C0076E4CC /* Main.storyboard */ = {
			isa = PBXVariantGroup;
			children = (
				C5BEDEC12AEB996C0076E4CC /* Base */,
			);
			name = Main.storyboard;
			sourceTree = "<group>";
		};
		C5BEDEC52AEB996D0076E4CC /* LaunchScreen.storyboard */ = {
			isa = PBXVariantGroup;
			children = (
				C5BEDEC62AEB996D0076E4CC /* Base */,
			);
			name = LaunchScreen.storyboard;
			sourceTree = "<group>";
		};
/* End PBXVariantGroup section */

/* Begin XCBuildConfiguration section */
		C5BEDEC92AEB996D0076E4CC /* Debug */ = {
			isa = XCBuildConfiguration;
			buildSettings = {
				ALWAYS_SEARCH_USER_PATHS = NO;
				ASSETCATALOG_COMPILER_GENERATE_SWIFT_ASSET_SYMBOL_EXTENSIONS = YES;
				CLANG_ANALYZER_NONNULL = YES;
				CLANG_ANALYZER_NUMBER_OBJECT_CONVERSION = YES_AGGRESSIVE;
				CLANG_CXX_LANGUAGE_STANDARD = "gnu++20";
				CLANG_ENABLE_MODULES = YES;
				CLANG_ENABLE_OBJC_ARC = YES;
				CLANG_ENABLE_OBJC_WEAK = YES;
				CLANG_WARN_BLOCK_CAPTURE_AUTORELEASING = YES;
				CLANG_WARN_BOOL_CONVERSION = YES;
				CLANG_WARN_COMMA = YES;
				CLANG_WARN_CONSTANT_CONVERSION = YES;
				CLANG_WARN_DEPRECATED_OBJC_IMPLEMENTATIONS = YES;
				CLANG_WARN_DIRECT_OBJC_ISA_USAGE = YES_ERROR;
				CLANG_WARN_DOCUMENTATION_COMMENTS = YES;
				CLANG_WARN_EMPTY_BODY = YES;
				CLANG_WARN_ENUM_CONVERSION = YES;
				CLANG_WARN_INFINITE_RECURSION = YES;
				CLANG_WARN_INT_CONVERSION = YES;
				CLANG_WARN_NON_LITERAL_NULL_CONVERSION = YES;
				CLANG_WARN_OBJC_IMPLICIT_RETAIN_SELF = YES;
				CLANG_WARN_OBJC_LITERAL_CONVERSION = YES;
				CLANG_WARN_OBJC_ROOT_CLASS = YES_ERROR;
				CLANG_WARN_QUOTED_INCLUDE_IN_FRAMEWORK_HEADER = YES;
				CLANG_WARN_RANGE_LOOP_ANALYSIS = YES;
				CLANG_WARN_STRICT_PROTOTYPES = YES;
				CLANG_WARN_SUSPICIOUS_MOVE = YES;
				CLANG_WARN_UNGUARDED_AVAILABILITY = YES_AGGRESSIVE;
				CLANG_WARN_UNREACHABLE_CODE = YES;
				CLANG_WARN__DUPLICATE_METHOD_MATCH = YES;
				COPY_PHASE_STRIP = NO;
				DEBUG_INFORMATION_FORMAT = dwarf;
				ENABLE_STRICT_OBJC_MSGSEND = YES;
				ENABLE_TESTABILITY = YES;
				ENABLE_USER_SCRIPT_SANDBOXING = YES;
				GCC_C_LANGUAGE_STANDARD = gnu17;
				GCC_DYNAMIC_NO_PIC = NO;
				GCC_NO_COMMON_BLOCKS = YES;
				GCC_OPTIMIZATION_LEVEL = 0;
				GCC_PREPROCESSOR_DEFINITIONS = (
					"DEBUG=1",
					"$(inherited)",
				);
				GCC_WARN_64_TO_32_BIT_CONVERSION = YES;
				GCC_WARN_ABOUT_RETURN_TYPE = YES_ERROR;
				GCC_WARN_UNDECLARED_SELECTOR = YES;
				GCC_WARN_UNINITIALIZED_AUTOS = YES_AGGRESSIVE;
				GCC_WARN_UNUSED_FUNCTION = YES;
				GCC_WARN_UNUSED_VARIABLE = YES;
				IPHONEOS_DEPLOYMENT_TARGET = 13.0;
				LOCALIZATION_PREFERS_STRING_CATALOGS = YES;
				MTL_ENABLE_DEBUG_INFO = INCLUDE_SOURCE;
				MTL_FAST_MATH = YES;
				ONLY_ACTIVE_ARCH = YES;
				SDKROOT = iphoneos;
				SWIFT_ACTIVE_COMPILATION_CONDITIONS = "DEBUG $(inherited)";
				SWIFT_OPTIMIZATION_LEVEL = "-Onone";
			};
			name = Debug;
		};
		C5BEDECA2AEB996D0076E4CC /* Release */ = {
			isa = XCBuildConfiguration;
			buildSettings = {
				ALWAYS_SEARCH_USER_PATHS = NO;
				ASSETCATALOG_COMPILER_GENERATE_SWIFT_ASSET_SYMBOL_EXTENSIONS = YES;
				CLANG_ANALYZER_NONNULL = YES;
				CLANG_ANALYZER_NUMBER_OBJECT_CONVERSION = YES_AGGRESSIVE;
				CLANG_CXX_LANGUAGE_STANDARD = "gnu++20";
				CLANG_ENABLE_MODULES = YES;
				CLANG_ENABLE_OBJC_ARC = YES;
				CLANG_ENABLE_OBJC_WEAK = YES;
				CLANG_WARN_BLOCK_CAPTURE_AUTORELEASING = YES;
				CLANG_WARN_BOOL_CONVERSION = YES;
				CLANG_WARN_COMMA = YES;
				CLANG_WARN_CONSTANT_CONVERSION = YES;
				CLANG_WARN_DEPRECATED_OBJC_IMPLEMENTATIONS = YES;
				CLANG_WARN_DIRECT_OBJC_ISA_USAGE = YES_ERROR;
				CLANG_WARN_DOCUMENTATION_COMMENTS = YES;
				CLANG_WARN_EMPTY_BODY = YES;
				CLANG_WARN_ENUM_CONVERSION = YES;
				CLANG_WARN_INFINITE_RECURSION = YES;
				CLANG_WARN_INT_CONVERSION = YES;
				CLANG_WARN_NON_LITERAL_NULL_CONVERSION = YES;
				CLANG_WARN_OBJC_IMPLICIT_RETAIN_SELF = YES;
				CLANG_WARN_OBJC_LITERAL_CONVERSION = YES;
				CLANG_WARN_OBJC_ROOT_CLASS = YES_ERROR;
				CLANG_WARN_QUOTED_INCLUDE_IN_FRAMEWORK_HEADER = YES;
				CLANG_WARN_RANGE_LOOP_ANALYSIS = YES;
				CLANG_WARN_STRICT_PROTOTYPES = YES;
				CLANG_WARN_SUSPICIOUS_MOVE = YES;
				CLANG_WARN_UNGUARDED_AVAILABILITY = YES_AGGRESSIVE;
				CLANG_WARN_UNREACHABLE_CODE = YES;
				CLANG_WARN__DUPLICATE_METHOD_MATCH = YES;
				COPY_PHASE_STRIP = NO;
				DEBUG_INFORMATION_FORMAT = "dwarf-with-dsym";
				ENABLE_NS_ASSERTIONS = NO;
				ENABLE_STRICT_OBJC_MSGSEND = YES;
				ENABLE_USER_SCRIPT_SANDBOXING = YES;
				GCC_C_LANGUAGE_STANDARD = gnu17;
				GCC_NO_COMMON_BLOCKS = YES;
				GCC_WARN_64_TO_32_BIT_CONVERSION = YES;
				GCC_WARN_ABOUT_RETURN_TYPE = YES_ERROR;
				GCC_WARN_UNDECLARED_SELECTOR = YES;
				GCC_WARN_UNINITIALIZED_AUTOS = YES_AGGRESSIVE;
				GCC_WARN_UNUSED_FUNCTION = YES;
				GCC_WARN_UNUSED_VARIABLE = YES;
				IPHONEOS_DEPLOYMENT_TARGET = 13.0;
				LOCALIZATION_PREFERS_STRING_CATALOGS = YES;
				MTL_ENABLE_DEBUG_INFO = NO;
				MTL_FAST_MATH = YES;
				SDKROOT = iphoneos;
				SWIFT_COMPILATION_MODE = wholemodule;
				VALIDATE_PRODUCT = YES;
			};
			name = Release;
		};
		C5BEDECC2AEB996D0076E4CC /* Debug */ = {
			isa = XCBuildConfiguration;
			buildSettings = {
				ASSETCATALOG_COMPILER_APPICON_NAME = AppIcon;
				ASSETCATALOG_COMPILER_GLOBAL_ACCENT_COLOR_NAME = AccentColor;
				CODE_SIGN_STYLE = Automatic;
				CURRENT_PROJECT_VERSION = 1;
				DEVELOPMENT_TEAM = 289SR6UP83;
				GENERATE_INFOPLIST_FILE = YES;
				INFOPLIST_FILE = DemoApp/Info.plist;
				INFOPLIST_KEY_UIApplicationSupportsIndirectInputEvents = YES;
				INFOPLIST_KEY_UILaunchStoryboardName = LaunchScreen;
				INFOPLIST_KEY_UIMainStoryboardFile = Main;
				INFOPLIST_KEY_UISupportedInterfaceOrientations_iPad = "UIInterfaceOrientationPortrait UIInterfaceOrientationPortraitUpsideDown UIInterfaceOrientationLandscapeLeft UIInterfaceOrientationLandscapeRight";
				INFOPLIST_KEY_UISupportedInterfaceOrientations_iPhone = "UIInterfaceOrientationPortrait UIInterfaceOrientationLandscapeLeft UIInterfaceOrientationLandscapeRight";
				LD_RUNPATH_SEARCH_PATHS = (
					"$(inherited)",
					"@executable_path/Frameworks",
				);
				MARKETING_VERSION = 1.0;
				PRODUCT_BUNDLE_IDENTIFIER = com.sceyt.uikit.DemoApp;
				PRODUCT_NAME = "$(TARGET_NAME)";
				SWIFT_EMIT_LOC_STRINGS = YES;
				SWIFT_VERSION = 5.0;
				TARGETED_DEVICE_FAMILY = "1,2";
			};
			name = Debug;
		};
		C5BEDECD2AEB996D0076E4CC /* Release */ = {
			isa = XCBuildConfiguration;
			buildSettings = {
				ASSETCATALOG_COMPILER_APPICON_NAME = AppIcon;
				ASSETCATALOG_COMPILER_GLOBAL_ACCENT_COLOR_NAME = AccentColor;
				CODE_SIGN_STYLE = Automatic;
				CURRENT_PROJECT_VERSION = 1;
				DEVELOPMENT_TEAM = 289SR6UP83;
				GENERATE_INFOPLIST_FILE = YES;
				INFOPLIST_FILE = DemoApp/Info.plist;
				INFOPLIST_KEY_UIApplicationSupportsIndirectInputEvents = YES;
				INFOPLIST_KEY_UILaunchStoryboardName = LaunchScreen;
				INFOPLIST_KEY_UIMainStoryboardFile = Main;
				INFOPLIST_KEY_UISupportedInterfaceOrientations_iPad = "UIInterfaceOrientationPortrait UIInterfaceOrientationPortraitUpsideDown UIInterfaceOrientationLandscapeLeft UIInterfaceOrientationLandscapeRight";
				INFOPLIST_KEY_UISupportedInterfaceOrientations_iPhone = "UIInterfaceOrientationPortrait UIInterfaceOrientationLandscapeLeft UIInterfaceOrientationLandscapeRight";
				LD_RUNPATH_SEARCH_PATHS = (
					"$(inherited)",
					"@executable_path/Frameworks",
				);
				MARKETING_VERSION = 1.0;
				PRODUCT_BUNDLE_IDENTIFIER = com.sceyt.uikit.DemoApp;
				PRODUCT_NAME = "$(TARGET_NAME)";
				SWIFT_EMIT_LOC_STRINGS = YES;
				SWIFT_VERSION = 5.0;
				TARGETED_DEVICE_FAMILY = "1,2";
			};
			name = Release;
		};
/* End XCBuildConfiguration section */

/* Begin XCConfigurationList section */
		C5BEDEB22AEB996C0076E4CC /* Build configuration list for PBXProject "DemoApp" */ = {
			isa = XCConfigurationList;
			buildConfigurations = (
				C5BEDEC92AEB996D0076E4CC /* Debug */,
				C5BEDECA2AEB996D0076E4CC /* Release */,
			);
			defaultConfigurationIsVisible = 0;
			defaultConfigurationName = Release;
		};
		C5BEDECB2AEB996D0076E4CC /* Build configuration list for PBXNativeTarget "DemoApp" */ = {
			isa = XCConfigurationList;
			buildConfigurations = (
				C5BEDECC2AEB996D0076E4CC /* Debug */,
				C5BEDECD2AEB996D0076E4CC /* Release */,
			);
			defaultConfigurationIsVisible = 0;
			defaultConfigurationName = Release;
		};
/* End XCConfigurationList section */

/* Begin XCRemoteSwiftPackageReference section */
		C5CAC5DC2AEBD3F1007EA2C2 /* XCRemoteSwiftPackageReference "sceyt-chat-ios-uikit" */ = {
			isa = XCRemoteSwiftPackageReference;
			repositoryURL = "https://github.com/sceyt/sceyt-chat-ios-uikit.git";
			requirement = {
				branch = v1_5;
				kind = branch;
			};
		};
/* End XCRemoteSwiftPackageReference section */

/* Begin XCSwiftPackageProductDependency section */
		C5BEDED42AEB9A770076E4CC /* SceytChatUIKit */ = {
			isa = XCSwiftPackageProductDependency;
			productName = SceytChatUIKit;
		};
		C5CAC5DD2AEBD3F1007EA2C2 /* SceytChatUIKit */ = {
			isa = XCSwiftPackageProductDependency;
			package = C5CAC5DC2AEBD3F1007EA2C2 /* XCRemoteSwiftPackageReference "sceyt-chat-ios-uikit" */;
			productName = SceytChatUIKit;
		};
/* End XCSwiftPackageProductDependency section */
	};
	rootObject = C5BEDEAF2AEB996C0076E4CC /* Project object */;
}
