// !$*UTF8*$!
{
	archiveVersion = 1;
	classes = {
	};
	objectVersion = 55;
	objects = {

/* Begin PBXAggregateTarget section */
		C5879E8F28E485D90054014F /* SceytChatUIKit_xcframework */ = {
			isa = PBXAggregateTarget;
			buildConfigurationList = C5879E9028E485D90054014F /* Build configuration list for PBXAggregateTarget "SceytChatUIKit_xcframework" */;
			buildPhases = (
				C5879E9428E485F90054014F /* ShellScript */,
			);
			dependencies = (
			);
			name = SceytChatUIKit_xcframework;
			productName = SceytChatUIKit_xcframework;
		};
/* End PBXAggregateTarget section */

/* Begin PBXBuildFile section */
		AA548E096DDBB5859EE4B278 /* Pods_DemoApp.framework in Frameworks */ = {isa = PBXBuildFile; fileRef = 6076B4AF931C1982EA040A16 /* Pods_DemoApp.framework */; };
		C50701F02844E08800FC888B /* AppDelegate.swift in Sources */ = {isa = PBXBuildFile; fileRef = C50701EF2844E08800FC888B /* AppDelegate.swift */; };
		C50701F22844E08800FC888B /* SceneDelegate.swift in Sources */ = {isa = PBXBuildFile; fileRef = C50701F12844E08800FC888B /* SceneDelegate.swift */; };
		C50701F42844E08800FC888B /* ViewController.swift in Sources */ = {isa = PBXBuildFile; fileRef = C50701F32844E08800FC888B /* ViewController.swift */; };
		C50701F72844E08800FC888B /* Main.storyboard in Resources */ = {isa = PBXBuildFile; fileRef = C50701F52844E08800FC888B /* Main.storyboard */; };
		C50701F92844E08900FC888B /* Assets.xcassets in Resources */ = {isa = PBXBuildFile; fileRef = C50701F82844E08900FC888B /* Assets.xcassets */; };
		C50701FC2844E08900FC888B /* LaunchScreen.storyboard in Resources */ = {isa = PBXBuildFile; fileRef = C50701FA2844E08900FC888B /* LaunchScreen.storyboard */; };
		C508735028E5DC34000C1A07 /* SceytChatUIKit.framework in Frameworks */ = {isa = PBXBuildFile; fileRef = C508734728E5DB97000C1A07 /* SceytChatUIKit.framework */; };
		C508735128E5DC34000C1A07 /* SceytChatUIKit.framework in Embed Frameworks */ = {isa = PBXBuildFile; fileRef = C508734728E5DB97000C1A07 /* SceytChatUIKit.framework */; settings = {ATTRIBUTES = (CodeSignOnCopy, RemoveHeadersOnCopy, ); }; };
		C52B5A4729BA4C4E006E15F7 /* SCTSession.swift in Sources */ = {isa = PBXBuildFile; fileRef = C52B5A4629BA4C4E006E15F7 /* SCTSession.swift */; };
		C5879E8E28E484070054014F /* build_uikit.sh in Resources */ = {isa = PBXBuildFile; fileRef = C5879E8D28E484070054014F /* build_uikit.sh */; };
		C594697329479023002DEC94 /* AudioPlayRecord.swift in Sources */ = {isa = PBXBuildFile; fileRef = C594697229479023002DEC94 /* AudioPlayRecord.swift */; };
		C5BBC5F12940AD030072C968 /* AWSSession.swift in Sources */ = {isa = PBXBuildFile; fileRef = C5BBC5F02940AD030072C968 /* AWSSession.swift */; };
		C5EE79D4299A589B00D37DE3 /* SceytChat in Frameworks */ = {isa = PBXBuildFile; productRef = C5EE79D3299A589B00D37DE3 /* SceytChat */; };
/* End PBXBuildFile section */

/* Begin PBXContainerItemProxy section */
		C508734628E5DB97000C1A07 /* PBXContainerItemProxy */ = {
			isa = PBXContainerItemProxy;
			containerPortal = C508734128E5DB97000C1A07 /* SceytChatUIKit.xcodeproj */;
			proxyType = 2;
			remoteGlobalIDString = C5EDF800283F9D560069F3C6;
			remoteInfo = SceytChatUIKit;
		};
		C508734828E5DB97000C1A07 /* PBXContainerItemProxy */ = {
			isa = PBXContainerItemProxy;
			containerPortal = C508734128E5DB97000C1A07 /* SceytChatUIKit.xcodeproj */;
			proxyType = 2;
			remoteGlobalIDString = C5EDF80A283F9D560069F3C6;
			remoteInfo = SceytChatUIKitTests;
		};
/* End PBXContainerItemProxy section */

/* Begin PBXCopyFilesBuildPhase section */
		C508735228E5DC34000C1A07 /* Embed Frameworks */ = {
			isa = PBXCopyFilesBuildPhase;
			buildActionMask = 2147483647;
			dstPath = "";
			dstSubfolderSpec = 10;
			files = (
				C508735128E5DC34000C1A07 /* SceytChatUIKit.framework in Embed Frameworks */,
			);
			name = "Embed Frameworks";
			runOnlyForDeploymentPostprocessing = 0;
		};
/* End PBXCopyFilesBuildPhase section */

/* Begin PBXFileReference section */
		0603DD79742C5F38CAE45680 /* Pods-DemoApp.debug.xcconfig */ = {isa = PBXFileReference; includeInIndex = 1; lastKnownFileType = text.xcconfig; name = "Pods-DemoApp.debug.xcconfig"; path = "Target Support Files/Pods-DemoApp/Pods-DemoApp.debug.xcconfig"; sourceTree = "<group>"; };
		6076B4AF931C1982EA040A16 /* Pods_DemoApp.framework */ = {isa = PBXFileReference; explicitFileType = wrapper.framework; includeInIndex = 0; path = Pods_DemoApp.framework; sourceTree = BUILT_PRODUCTS_DIR; };
		691E73B69BDA2B6DB6164D24 /* Pods-DemoApp.release.xcconfig */ = {isa = PBXFileReference; includeInIndex = 1; lastKnownFileType = text.xcconfig; name = "Pods-DemoApp.release.xcconfig"; path = "Target Support Files/Pods-DemoApp/Pods-DemoApp.release.xcconfig"; sourceTree = "<group>"; };
		C50701EC2844E08800FC888B /* DemoApp.app */ = {isa = PBXFileReference; explicitFileType = wrapper.application; includeInIndex = 0; path = DemoApp.app; sourceTree = BUILT_PRODUCTS_DIR; };
		C50701EF2844E08800FC888B /* AppDelegate.swift */ = {isa = PBXFileReference; lastKnownFileType = sourcecode.swift; path = AppDelegate.swift; sourceTree = "<group>"; };
		C50701F12844E08800FC888B /* SceneDelegate.swift */ = {isa = PBXFileReference; lastKnownFileType = sourcecode.swift; path = SceneDelegate.swift; sourceTree = "<group>"; };
		C50701F32844E08800FC888B /* ViewController.swift */ = {isa = PBXFileReference; lastKnownFileType = sourcecode.swift; path = ViewController.swift; sourceTree = "<group>"; };
		C50701F62844E08800FC888B /* Base */ = {isa = PBXFileReference; lastKnownFileType = file.storyboard; name = Base; path = Base.lproj/Main.storyboard; sourceTree = "<group>"; };
		C50701F82844E08900FC888B /* Assets.xcassets */ = {isa = PBXFileReference; lastKnownFileType = folder.assetcatalog; path = Assets.xcassets; sourceTree = "<group>"; };
		C50701FB2844E08900FC888B /* Base */ = {isa = PBXFileReference; lastKnownFileType = file.storyboard; name = Base; path = Base.lproj/LaunchScreen.storyboard; sourceTree = "<group>"; };
		C50701FD2844E08900FC888B /* Info.plist */ = {isa = PBXFileReference; lastKnownFileType = text.plist.xml; path = Info.plist; sourceTree = "<group>"; };
		C50702042844F7A900FC888B /* SceytChatUIKit.framework */ = {isa = PBXFileReference; explicitFileType = wrapper.framework; path = SceytChatUIKit.framework; sourceTree = BUILT_PRODUCTS_DIR; };
		C508734128E5DB97000C1A07 /* SceytChatUIKit.xcodeproj */ = {isa = PBXFileReference; lastKnownFileType = "wrapper.pb-project"; name = SceytChatUIKit.xcodeproj; path = ../SceytChatUIKit/SceytChatUIKit.xcodeproj; sourceTree = "<group>"; };
		C52B5A4629BA4C4E006E15F7 /* SCTSession.swift */ = {isa = PBXFileReference; lastKnownFileType = sourcecode.swift; path = SCTSession.swift; sourceTree = "<group>"; };
		C5879E8D28E484070054014F /* build_uikit.sh */ = {isa = PBXFileReference; fileEncoding = 4; lastKnownFileType = text.script.sh; name = build_uikit.sh; path = ../build_uikit.sh; sourceTree = "<group>"; };
		C594697229479023002DEC94 /* AudioPlayRecord.swift */ = {isa = PBXFileReference; lastKnownFileType = sourcecode.swift; path = AudioPlayRecord.swift; sourceTree = "<group>"; };
		C5BBC5F02940AD030072C968 /* AWSSession.swift */ = {isa = PBXFileReference; lastKnownFileType = sourcecode.swift; path = AWSSession.swift; sourceTree = "<group>"; };
/* End PBXFileReference section */

/* Begin PBXFrameworksBuildPhase section */
		C50701E92844E08800FC888B /* Frameworks */ = {
			isa = PBXFrameworksBuildPhase;
			buildActionMask = 2147483647;
			files = (
				C5EE79D4299A589B00D37DE3 /* SceytChat in Frameworks */,
				C508735028E5DC34000C1A07 /* SceytChatUIKit.framework in Frameworks */,
				AA548E096DDBB5859EE4B278 /* Pods_DemoApp.framework in Frameworks */,
			);
			runOnlyForDeploymentPostprocessing = 0;
		};
/* End PBXFrameworksBuildPhase section */

/* Begin PBXGroup section */
		C50701E32844E08800FC888B = {
			isa = PBXGroup;
			children = (
				C5879E8D28E484070054014F /* build_uikit.sh */,
				C50701EE2844E08800FC888B /* DemoApp */,
				C50701ED2844E08800FC888B /* Products */,
				C50702032844F7A900FC888B /* Frameworks */,
				F589B3CAD867B0249A335048 /* Pods */,
			);
			sourceTree = "<group>";
		};
		C50701ED2844E08800FC888B /* Products */ = {
			isa = PBXGroup;
			children = (
				C50701EC2844E08800FC888B /* DemoApp.app */,
			);
			name = Products;
			sourceTree = "<group>";
		};
		C50701EE2844E08800FC888B /* DemoApp */ = {
			isa = PBXGroup;
			children = (
				C50701EF2844E08800FC888B /* AppDelegate.swift */,
				C50701F12844E08800FC888B /* SceneDelegate.swift */,
				C50701F32844E08800FC888B /* ViewController.swift */,
				C5BBC5F02940AD030072C968 /* AWSSession.swift */,
				C52B5A4629BA4C4E006E15F7 /* SCTSession.swift */,
				C594697229479023002DEC94 /* AudioPlayRecord.swift */,
				C50701F52844E08800FC888B /* Main.storyboard */,
				C50701F82844E08900FC888B /* Assets.xcassets */,
				C50701FA2844E08900FC888B /* LaunchScreen.storyboard */,
				C50701FD2844E08900FC888B /* Info.plist */,
			);
			path = DemoApp;
			sourceTree = "<group>";
		};
		C50702032844F7A900FC888B /* Frameworks */ = {
			isa = PBXGroup;
			children = (
				C508734128E5DB97000C1A07 /* SceytChatUIKit.xcodeproj */,
				C50702042844F7A900FC888B /* SceytChatUIKit.framework */,
				6076B4AF931C1982EA040A16 /* Pods_DemoApp.framework */,
			);
			name = Frameworks;
			sourceTree = "<group>";
		};
		C508734228E5DB97000C1A07 /* Products */ = {
			isa = PBXGroup;
			children = (
				C508734728E5DB97000C1A07 /* SceytChatUIKit.framework */,
				C508734928E5DB97000C1A07 /* SceytChatUIKitTests.xctest */,
			);
			name = Products;
			sourceTree = "<group>";
		};
		F589B3CAD867B0249A335048 /* Pods */ = {
			isa = PBXGroup;
			children = (
				0603DD79742C5F38CAE45680 /* Pods-DemoApp.debug.xcconfig */,
				691E73B69BDA2B6DB6164D24 /* Pods-DemoApp.release.xcconfig */,
			);
			path = Pods;
			sourceTree = "<group>";
		};
/* End PBXGroup section */

/* Begin PBXNativeTarget section */
		C50701EB2844E08800FC888B /* DemoApp */ = {
			isa = PBXNativeTarget;
			buildConfigurationList = C50702002844E08900FC888B /* Build configuration list for PBXNativeTarget "DemoApp" */;
			buildPhases = (
				485D838F01FD96DC628AA2ED /* [CP] Check Pods Manifest.lock */,
				C50701E82844E08800FC888B /* Sources */,
				C50701E92844E08800FC888B /* Frameworks */,
				C50701EA2844E08800FC888B /* Resources */,
				C508735228E5DC34000C1A07 /* Embed Frameworks */,
				48A1C10C7F632F10AAC694A2 /* [CP] Embed Pods Frameworks */,
			);
			buildRules = (
			);
			dependencies = (
			);
			name = DemoApp;
			packageProductDependencies = (
				C5EE79D3299A589B00D37DE3 /* SceytChat */,
			);
			productName = DemoApp;
			productReference = C50701EC2844E08800FC888B /* DemoApp.app */;
			productType = "com.apple.product-type.application";
		};
/* End PBXNativeTarget section */

/* Begin PBXProject section */
		C50701E42844E08800FC888B /* Project object */ = {
			isa = PBXProject;
			attributes = {
				BuildIndependentTargetsInParallel = 1;
				LastSwiftUpdateCheck = 1340;
				LastUpgradeCheck = 1340;
				TargetAttributes = {
					C50701EB2844E08800FC888B = {
						CreatedOnToolsVersion = 13.4;
					};
					C5879E8F28E485D90054014F = {
						CreatedOnToolsVersion = 14.0;
					};
				};
			};
			buildConfigurationList = C50701E72844E08800FC888B /* Build configuration list for PBXProject "DemoApp" */;
			compatibilityVersion = "Xcode 13.0";
			developmentRegion = en;
			hasScannedForEncodings = 0;
			knownRegions = (
				en,
				Base,
			);
			mainGroup = C50701E32844E08800FC888B;
			packageReferences = (
				C5EE79D2299A589B00D37DE3 /* XCRemoteSwiftPackageReference "sceyt-chat-ios-sdk" */,
			);
			productRefGroup = C50701ED2844E08800FC888B /* Products */;
			projectDirPath = "";
			projectReferences = (
				{
					ProductGroup = C508734228E5DB97000C1A07 /* Products */;
					ProjectRef = C508734128E5DB97000C1A07 /* SceytChatUIKit.xcodeproj */;
				},
			);
			projectRoot = "";
			targets = (
				C50701EB2844E08800FC888B /* DemoApp */,
				C5879E8F28E485D90054014F /* SceytChatUIKit_xcframework */,
			);
		};
/* End PBXProject section */

/* Begin PBXReferenceProxy section */
		C508734728E5DB97000C1A07 /* SceytChatUIKit.framework */ = {
			isa = PBXReferenceProxy;
			fileType = wrapper.framework;
			path = SceytChatUIKit.framework;
			remoteRef = C508734628E5DB97000C1A07 /* PBXContainerItemProxy */;
			sourceTree = BUILT_PRODUCTS_DIR;
		};
		C508734928E5DB97000C1A07 /* SceytChatUIKitTests.xctest */ = {
			isa = PBXReferenceProxy;
			fileType = wrapper.cfbundle;
			path = SceytChatUIKitTests.xctest;
			remoteRef = C508734828E5DB97000C1A07 /* PBXContainerItemProxy */;
			sourceTree = BUILT_PRODUCTS_DIR;
		};
/* End PBXReferenceProxy section */

/* Begin PBXResourcesBuildPhase section */
		C50701EA2844E08800FC888B /* Resources */ = {
			isa = PBXResourcesBuildPhase;
			buildActionMask = 2147483647;
			files = (
				C50701FC2844E08900FC888B /* LaunchScreen.storyboard in Resources */,
				C50701F92844E08900FC888B /* Assets.xcassets in Resources */,
				C5879E8E28E484070054014F /* build_uikit.sh in Resources */,
				C50701F72844E08800FC888B /* Main.storyboard in Resources */,
			);
			runOnlyForDeploymentPostprocessing = 0;
		};
/* End PBXResourcesBuildPhase section */

/* Begin PBXShellScriptBuildPhase section */
		485D838F01FD96DC628AA2ED /* [CP] Check Pods Manifest.lock */ = {
			isa = PBXShellScriptBuildPhase;
			buildActionMask = 2147483647;
			files = (
			);
			inputFileListPaths = (
			);
			inputPaths = (
				"${PODS_PODFILE_DIR_PATH}/Podfile.lock",
				"${PODS_ROOT}/Manifest.lock",
			);
			name = "[CP] Check Pods Manifest.lock";
			outputFileListPaths = (
			);
			outputPaths = (
				"$(DERIVED_FILE_DIR)/Pods-DemoApp-checkManifestLockResult.txt",
			);
			runOnlyForDeploymentPostprocessing = 0;
			shellPath = /bin/sh;
			shellScript = "diff \"${PODS_PODFILE_DIR_PATH}/Podfile.lock\" \"${PODS_ROOT}/Manifest.lock\" > /dev/null\nif [ $? != 0 ] ; then\n    # print error to STDERR\n    echo \"error: The sandbox is not in sync with the Podfile.lock. Run 'pod install' or update your CocoaPods installation.\" >&2\n    exit 1\nfi\n# This output is used by Xcode 'outputs' to avoid re-running this script phase.\necho \"SUCCESS\" > \"${SCRIPT_OUTPUT_FILE_0}\"\n";
			showEnvVarsInLog = 0;
		};
		48A1C10C7F632F10AAC694A2 /* [CP] Embed Pods Frameworks */ = {
			isa = PBXShellScriptBuildPhase;
			buildActionMask = 2147483647;
			files = (
			);
			inputFileListPaths = (
				"${PODS_ROOT}/Target Support Files/Pods-DemoApp/Pods-DemoApp-frameworks-${CONFIGURATION}-input-files.xcfilelist",
			);
			name = "[CP] Embed Pods Frameworks";
			outputFileListPaths = (
				"${PODS_ROOT}/Target Support Files/Pods-DemoApp/Pods-DemoApp-frameworks-${CONFIGURATION}-output-files.xcfilelist",
			);
			runOnlyForDeploymentPostprocessing = 0;
			shellPath = /bin/sh;
			shellScript = "\"${PODS_ROOT}/Target Support Files/Pods-DemoApp/Pods-DemoApp-frameworks.sh\"\n";
			showEnvVarsInLog = 0;
		};
		C5879E9428E485F90054014F /* ShellScript */ = {
			isa = PBXShellScriptBuildPhase;
			alwaysOutOfDate = 1;
			buildActionMask = 2147483647;
			files = (
			);
			inputFileListPaths = (
			);
			inputPaths = (
			);
			outputFileListPaths = (
			);
			outputPaths = (
			);
			runOnlyForDeploymentPostprocessing = 0;
			shellPath = /bin/sh;
			shellScript = "set -x\ncd `PWD`\ncd ..\necho {$PWD}\nbash ./build_uikit.sh \"-configuration Release\"\nset +x\n";
		};
/* End PBXShellScriptBuildPhase section */

/* Begin PBXSourcesBuildPhase section */
		C50701E82844E08800FC888B /* Sources */ = {
			isa = PBXSourcesBuildPhase;
			buildActionMask = 2147483647;
			files = (
				C5BBC5F12940AD030072C968 /* AWSSession.swift in Sources */,
				C50701F42844E08800FC888B /* ViewController.swift in Sources */,
				C50701F02844E08800FC888B /* AppDelegate.swift in Sources */,
				C52B5A4729BA4C4E006E15F7 /* SCTSession.swift in Sources */,
				C50701F22844E08800FC888B /* SceneDelegate.swift in Sources */,
				C594697329479023002DEC94 /* AudioPlayRecord.swift in Sources */,
			);
			runOnlyForDeploymentPostprocessing = 0;
		};
/* End PBXSourcesBuildPhase section */

/* Begin PBXVariantGroup section */
		C50701F52844E08800FC888B /* Main.storyboard */ = {
			isa = PBXVariantGroup;
			children = (
				C50701F62844E08800FC888B /* Base */,
			);
			name = Main.storyboard;
			sourceTree = "<group>";
		};
		C50701FA2844E08900FC888B /* LaunchScreen.storyboard */ = {
			isa = PBXVariantGroup;
			children = (
				C50701FB2844E08900FC888B /* Base */,
			);
			name = LaunchScreen.storyboard;
			sourceTree = "<group>";
		};
/* End PBXVariantGroup section */

/* Begin XCBuildConfiguration section */
		C50701FE2844E08900FC888B /* Debug */ = {
			isa = XCBuildConfiguration;
			buildSettings = {
				ALWAYS_SEARCH_USER_PATHS = NO;
				CLANG_ANALYZER_NONNULL = YES;
				CLANG_ANALYZER_NUMBER_OBJECT_CONVERSION = YES_AGGRESSIVE;
				CLANG_CXX_LANGUAGE_STANDARD = "gnu++17";
				CLANG_ENABLE_MODULES = YES;
				CLANG_ENABLE_OBJC_ARC = YES;
				CLANG_ENABLE_OBJC_WEAK = YES;
				CLANG_WARN_BLOCK_CAPTURE_AUTORELEASING = YES;
				CLANG_WARN_BOOL_CONVERSION = YES;
				CLANG_WARN_COMMA = YES;
				CLANG_WARN_CONSTANT_CONVERSION = YES;
				CLANG_WARN_DEPRECATED_OBJC_IMPLEMENTATIONS = YES;
				CLANG_WARN_DIRECT_OBJC_ISA_USAGE = YES_ERROR;
				CLANG_WARN_DOCUMENTATION_COMMENTS = YES;
				CLANG_WARN_EMPTY_BODY = YES;
				CLANG_WARN_ENUM_CONVERSION = YES;
				CLANG_WARN_INFINITE_RECURSION = YES;
				CLANG_WARN_INT_CONVERSION = YES;
				CLANG_WARN_NON_LITERAL_NULL_CONVERSION = YES;
				CLANG_WARN_OBJC_IMPLICIT_RETAIN_SELF = YES;
				CLANG_WARN_OBJC_LITERAL_CONVERSION = YES;
				CLANG_WARN_OBJC_ROOT_CLASS = YES_ERROR;
				CLANG_WARN_QUOTED_INCLUDE_IN_FRAMEWORK_HEADER = YES;
				CLANG_WARN_RANGE_LOOP_ANALYSIS = YES;
				CLANG_WARN_STRICT_PROTOTYPES = YES;
				CLANG_WARN_SUSPICIOUS_MOVE = YES;
				CLANG_WARN_UNGUARDED_AVAILABILITY = YES_AGGRESSIVE;
				CLANG_WARN_UNREACHABLE_CODE = YES;
				CLANG_WARN__DUPLICATE_METHOD_MATCH = YES;
				COPY_PHASE_STRIP = NO;
				DEBUG_INFORMATION_FORMAT = dwarf;
				ENABLE_STRICT_OBJC_MSGSEND = YES;
				ENABLE_TESTABILITY = YES;
				GCC_C_LANGUAGE_STANDARD = gnu11;
				GCC_DYNAMIC_NO_PIC = NO;
				GCC_NO_COMMON_BLOCKS = YES;
				GCC_OPTIMIZATION_LEVEL = 0;
				GCC_PREPROCESSOR_DEFINITIONS = (
					"DEBUG=1",
					"$(inherited)",
				);
				GCC_WARN_64_TO_32_BIT_CONVERSION = YES;
				GCC_WARN_ABOUT_RETURN_TYPE = YES_ERROR;
				GCC_WARN_UNDECLARED_SELECTOR = YES;
				GCC_WARN_UNINITIALIZED_AUTOS = YES_AGGRESSIVE;
				GCC_WARN_UNUSED_FUNCTION = YES;
				GCC_WARN_UNUSED_VARIABLE = YES;
				IPHONEOS_DEPLOYMENT_TARGET = 15.5;
				MTL_ENABLE_DEBUG_INFO = INCLUDE_SOURCE;
				MTL_FAST_MATH = YES;
				ONLY_ACTIVE_ARCH = YES;
				SDKROOT = iphoneos;
				SWIFT_ACTIVE_COMPILATION_CONDITIONS = DEBUG;
				SWIFT_OPTIMIZATION_LEVEL = "-Onone";
			};
			name = Debug;
		};
		C50701FF2844E08900FC888B /* Release */ = {
			isa = XCBuildConfiguration;
			buildSettings = {
				ALWAYS_SEARCH_USER_PATHS = NO;
				CLANG_ANALYZER_NONNULL = YES;
				CLANG_ANALYZER_NUMBER_OBJECT_CONVERSION = YES_AGGRESSIVE;
				CLANG_CXX_LANGUAGE_STANDARD = "gnu++17";
				CLANG_ENABLE_MODULES = YES;
				CLANG_ENABLE_OBJC_ARC = YES;
				CLANG_ENABLE_OBJC_WEAK = YES;
				CLANG_WARN_BLOCK_CAPTURE_AUTORELEASING = YES;
				CLANG_WARN_BOOL_CONVERSION = YES;
				CLANG_WARN_COMMA = YES;
				CLANG_WARN_CONSTANT_CONVERSION = YES;
				CLANG_WARN_DEPRECATED_OBJC_IMPLEMENTATIONS = YES;
				CLANG_WARN_DIRECT_OBJC_ISA_USAGE = YES_ERROR;
				CLANG_WARN_DOCUMENTATION_COMMENTS = YES;
				CLANG_WARN_EMPTY_BODY = YES;
				CLANG_WARN_ENUM_CONVERSION = YES;
				CLANG_WARN_INFINITE_RECURSION = YES;
				CLANG_WARN_INT_CONVERSION = YES;
				CLANG_WARN_NON_LITERAL_NULL_CONVERSION = YES;
				CLANG_WARN_OBJC_IMPLICIT_RETAIN_SELF = YES;
				CLANG_WARN_OBJC_LITERAL_CONVERSION = YES;
				CLANG_WARN_OBJC_ROOT_CLASS = YES_ERROR;
				CLANG_WARN_QUOTED_INCLUDE_IN_FRAMEWORK_HEADER = YES;
				CLANG_WARN_RANGE_LOOP_ANALYSIS = YES;
				CLANG_WARN_STRICT_PROTOTYPES = YES;
				CLANG_WARN_SUSPICIOUS_MOVE = YES;
				CLANG_WARN_UNGUARDED_AVAILABILITY = YES_AGGRESSIVE;
				CLANG_WARN_UNREACHABLE_CODE = YES;
				CLANG_WARN__DUPLICATE_METHOD_MATCH = YES;
				COPY_PHASE_STRIP = NO;
				DEBUG_INFORMATION_FORMAT = "dwarf-with-dsym";
				ENABLE_NS_ASSERTIONS = NO;
				ENABLE_STRICT_OBJC_MSGSEND = YES;
				GCC_C_LANGUAGE_STANDARD = gnu11;
				GCC_NO_COMMON_BLOCKS = YES;
				GCC_WARN_64_TO_32_BIT_CONVERSION = YES;
				GCC_WARN_ABOUT_RETURN_TYPE = YES_ERROR;
				GCC_WARN_UNDECLARED_SELECTOR = YES;
				GCC_WARN_UNINITIALIZED_AUTOS = YES_AGGRESSIVE;
				GCC_WARN_UNUSED_FUNCTION = YES;
				GCC_WARN_UNUSED_VARIABLE = YES;
				IPHONEOS_DEPLOYMENT_TARGET = 15.5;
				MTL_ENABLE_DEBUG_INFO = NO;
				MTL_FAST_MATH = YES;
				SDKROOT = iphoneos;
				SWIFT_COMPILATION_MODE = wholemodule;
				SWIFT_OPTIMIZATION_LEVEL = "-O";
				VALIDATE_PRODUCT = YES;
			};
			name = Release;
		};
		C50702012844E08900FC888B /* Debug */ = {
			isa = XCBuildConfiguration;
			baseConfigurationReference = 0603DD79742C5F38CAE45680 /* Pods-DemoApp.debug.xcconfig */;
			buildSettings = {
				ASSETCATALOG_COMPILER_APPICON_NAME = AppIcon;
				ASSETCATALOG_COMPILER_GLOBAL_ACCENT_COLOR_NAME = AccentColor;
				CODE_SIGN_STYLE = Automatic;
				CURRENT_PROJECT_VERSION = 1;
				DEVELOPMENT_TEAM = 95RZ34J67V;
				ENABLE_BITCODE = NO;
				GENERATE_INFOPLIST_FILE = YES;
				INFOPLIST_FILE = DemoApp/Info.plist;
				INFOPLIST_KEY_NSCameraUsageDescription = "Uses Camera for take photo";
				INFOPLIST_KEY_NSMicrophoneUsageDescription = "Uses Microphone for record audio";
				INFOPLIST_KEY_NSPhotoLibraryAddUsageDescription = "Photo access";
				INFOPLIST_KEY_NSPhotoLibraryUsageDescription = "Uses for send media from chat";
				INFOPLIST_KEY_UIApplicationSupportsIndirectInputEvents = YES;
				INFOPLIST_KEY_UILaunchStoryboardName = LaunchScreen;
				INFOPLIST_KEY_UIMainStoryboardFile = Main;
				INFOPLIST_KEY_UISupportedInterfaceOrientations_iPad = "UIInterfaceOrientationPortrait UIInterfaceOrientationPortraitUpsideDown UIInterfaceOrientationLandscapeLeft UIInterfaceOrientationLandscapeRight";
				INFOPLIST_KEY_UISupportedInterfaceOrientations_iPhone = "UIInterfaceOrientationPortrait UIInterfaceOrientationLandscapeLeft UIInterfaceOrientationLandscapeRight";
				IPHONEOS_DEPLOYMENT_TARGET = 13.0;
				LD_RUNPATH_SEARCH_PATHS = (
					"$(inherited)",
					"@executable_path/Frameworks",
				);
				MARKETING_VERSION = 1.0;
				PRODUCT_BUNDLE_IDENTIFIER = Sceyt.DemoApp1;
				PRODUCT_NAME = "$(TARGET_NAME)";
				SWIFT_EMIT_LOC_STRINGS = YES;
				SWIFT_VERSION = 5.0;
				TARGETED_DEVICE_FAMILY = "1,2";
			};
			name = Debug;
		};
		C50702022844E08900FC888B /* Release */ = {
			isa = XCBuildConfiguration;
			baseConfigurationReference = 691E73B69BDA2B6DB6164D24 /* Pods-DemoApp.release.xcconfig */;
			buildSettings = {
				ASSETCATALOG_COMPILER_APPICON_NAME = AppIcon;
				ASSETCATALOG_COMPILER_GLOBAL_ACCENT_COLOR_NAME = AccentColor;
				CODE_SIGN_STYLE = Automatic;
				CURRENT_PROJECT_VERSION = 1;
				DEVELOPMENT_TEAM = 95RZ34J67V;
				ENABLE_BITCODE = NO;
				GENERATE_INFOPLIST_FILE = YES;
				INFOPLIST_FILE = DemoApp/Info.plist;
				INFOPLIST_KEY_NSCameraUsageDescription = "Uses Camera for take photo";
				INFOPLIST_KEY_NSMicrophoneUsageDescription = "Uses Microphone for record audio";
				INFOPLIST_KEY_NSPhotoLibraryAddUsageDescription = "Photo access";
				INFOPLIST_KEY_NSPhotoLibraryUsageDescription = "Uses for send media from chat";
				INFOPLIST_KEY_UIApplicationSupportsIndirectInputEvents = YES;
				INFOPLIST_KEY_UILaunchStoryboardName = LaunchScreen;
				INFOPLIST_KEY_UIMainStoryboardFile = Main;
				INFOPLIST_KEY_UISupportedInterfaceOrientations_iPad = "UIInterfaceOrientationPortrait UIInterfaceOrientationPortraitUpsideDown UIInterfaceOrientationLandscapeLeft UIInterfaceOrientationLandscapeRight";
				INFOPLIST_KEY_UISupportedInterfaceOrientations_iPhone = "UIInterfaceOrientationPortrait UIInterfaceOrientationLandscapeLeft UIInterfaceOrientationLandscapeRight";
				IPHONEOS_DEPLOYMENT_TARGET = 13.0;
				LD_RUNPATH_SEARCH_PATHS = (
					"$(inherited)",
					"@executable_path/Frameworks",
				);
				MARKETING_VERSION = 1.0;
				PRODUCT_BUNDLE_IDENTIFIER = Sceyt.DemoApp1;
				PRODUCT_NAME = "$(TARGET_NAME)";
				SWIFT_EMIT_LOC_STRINGS = YES;
				SWIFT_VERSION = 5.0;
				TARGETED_DEVICE_FAMILY = "1,2";
			};
			name = Release;
		};
		C5879E9128E485D90054014F /* Debug */ = {
			isa = XCBuildConfiguration;
			buildSettings = {
				CODE_SIGN_STYLE = Automatic;
				PRODUCT_NAME = "$(TARGET_NAME)";
			};
			name = Debug;
		};
		C5879E9228E485D90054014F /* Release */ = {
			isa = XCBuildConfiguration;
			buildSettings = {
				CODE_SIGN_STYLE = Automatic;
				PRODUCT_NAME = "$(TARGET_NAME)";
			};
			name = Release;
		};
/* End XCBuildConfiguration section */

/* Begin XCConfigurationList section */
		C50701E72844E08800FC888B /* Build configuration list for PBXProject "DemoApp" */ = {
			isa = XCConfigurationList;
			buildConfigurations = (
				C50701FE2844E08900FC888B /* Debug */,
				C50701FF2844E08900FC888B /* Release */,
			);
			defaultConfigurationIsVisible = 0;
			defaultConfigurationName = Release;
		};
		C50702002844E08900FC888B /* Build configuration list for PBXNativeTarget "DemoApp" */ = {
			isa = XCConfigurationList;
			buildConfigurations = (
				C50702012844E08900FC888B /* Debug */,
				C50702022844E08900FC888B /* Release */,
			);
			defaultConfigurationIsVisible = 0;
			defaultConfigurationName = Release;
		};
		C5879E9028E485D90054014F /* Build configuration list for PBXAggregateTarget "SceytChatUIKit_xcframework" */ = {
			isa = XCConfigurationList;
			buildConfigurations = (
				C5879E9128E485D90054014F /* Debug */,
				C5879E9228E485D90054014F /* Release */,
			);
			defaultConfigurationIsVisible = 0;
			defaultConfigurationName = Release;
		};
/* End XCConfigurationList section */

/* Begin XCRemoteSwiftPackageReference section */
		C5EE79D2299A589B00D37DE3 /* XCRemoteSwiftPackageReference "sceyt-chat-ios-sdk" */ = {
			isa = XCRemoteSwiftPackageReference;
			repositoryURL = "https://github.com/sceyt/sceyt-chat-ios-sdk";
			requirement = {
				kind = upToNextMajorVersion;
				minimumVersion = 1.0.0;
			};
		};
/* End XCRemoteSwiftPackageReference section */

/* Begin XCSwiftPackageProductDependency section */
		C5EE79D3299A589B00D37DE3 /* SceytChat */ = {
			isa = XCSwiftPackageProductDependency;
			package = C5EE79D2299A589B00D37DE3 /* XCRemoteSwiftPackageReference "sceyt-chat-ios-sdk" */;
			productName = SceytChat;
		};
/* End XCSwiftPackageProductDependency section */
	};
	rootObject = C50701E42844E08800FC888B /* Project object */;
}
