// !$*UTF8*$!
{
	archiveVersion = 1;
	classes = {
	};
	objectVersion = 56;
	objects = {

/* Begin PBXBuildFile section */
		560E295D2CC6788C003A4A17 /* SceytChatUIKit in Frameworks */ = {isa = PBXBuildFile; productRef = 560E295C2CC6788C003A4A17 /* SceytChatUIKit */; };
		561169DD2CBD44A300DC1979 /* SplashViewController.swift in Sources */ = {isa = PBXBuildFile; fileRef = 561169DC2CBD44A300DC1979 /* SplashViewController.swift */; };
		561169DF2CBD460100DC1979 /* LandingViewController.swift in Sources */ = {isa = PBXBuildFile; fileRef = 561169DE2CBD460100DC1979 /* LandingViewController.swift */; };
		561169E12CBD511500DC1979 /* CustomPresentationController.swift in Sources */ = {isa = PBXBuildFile; fileRef = 561169E02CBD511500DC1979 /* CustomPresentationController.swift */; };
		561169E32CBD512D00DC1979 /* CustomInteractiveTransitionNavigationController.swift in Sources */ = {isa = PBXBuildFile; fileRef = 561169E22CBD512D00DC1979 /* CustomInteractiveTransitionNavigationController.swift */; };
		561169E52CBD51AC00DC1979 /* AccountPickerViewController.swift in Sources */ = {isa = PBXBuildFile; fileRef = 561169E42CBD51AC00DC1979 /* AccountPickerViewController.swift */; };
		5649B9992CBE5C4400E3B190 /* SceytChatUIKit in Frameworks */ = {isa = PBXBuildFile; productRef = 5649B9982CBE5C4400E3B190 /* SceytChatUIKit */; };
		5649B99D2CBE79F000E3B190 /* ProfileViewController.swift in Sources */ = {isa = PBXBuildFile; fileRef = 5649B99C2CBE79F000E3B190 /* ProfileViewController.swift */; };
		5649B99F2CBE907400E3B190 /* EditProfileViewController.swift in Sources */ = {isa = PBXBuildFile; fileRef = 5649B99E2CBE907400E3B190 /* EditProfileViewController.swift */; };
		5649B9A82CBFA84800E3B190 /* AppCoordinator.swift in Sources */ = {isa = PBXBuildFile; fileRef = 5649B9A72CBFA84800E3B190 /* AppCoordinator.swift */; };
		5649B9AA2CBFA91400E3B190 /* Debouncer.swift in Sources */ = {isa = PBXBuildFile; fileRef = 5649B9A92CBFA91400E3B190 /* Debouncer.swift */; };
		5649B9AD2CBFAADE00E3B190 /* SceytChatUIKit in Frameworks */ = {isa = PBXBuildFile; productRef = 5649B9AC2CBFAADE00E3B190 /* SceytChatUIKit */; };
		5649B9AF2CBFB43100E3B190 /* String+Extensions.swift in Sources */ = {isa = PBXBuildFile; fileRef = 5649B9AE2CBFB43100E3B190 /* String+Extensions.swift */; };
		5649B9B12CBFB44F00E3B190 /* ProfileEditNameCell.swift in Sources */ = {isa = PBXBuildFile; fileRef = 5649B9B02CBFB44F00E3B190 /* ProfileEditNameCell.swift */; };
		5649B9B32CBFB45D00E3B190 /* ProfileEditAvatarCell.swift in Sources */ = {isa = PBXBuildFile; fileRef = 5649B9B22CBFB45D00E3B190 /* ProfileEditAvatarCell.swift */; };
		5649B9B52CBFB4D800E3B190 /* UITableView+Extensions.swift in Sources */ = {isa = PBXBuildFile; fileRef = 5649B9B42CBFB4D800E3B190 /* UITableView+Extensions.swift */; };
		5649B9B72CBFB4E600E3B190 /* UIView+Extensiosn.swift in Sources */ = {isa = PBXBuildFile; fileRef = 5649B9B62CBFB4E600E3B190 /* UIView+Extensiosn.swift */; };
		5649B9B92CBFB62800E3B190 /* UsernameValidation.swift in Sources */ = {isa = PBXBuildFile; fileRef = 5649B9B82CBFB62800E3B190 /* UsernameValidation.swift */; };
		5649B9BB2CBFBA0000E3B190 /* RequestManager.swift in Sources */ = {isa = PBXBuildFile; fileRef = 5649B9BA2CBFBA0000E3B190 /* RequestManager.swift */; };
		565003442CDE24F800101B16 /* SceytChatUIKit in Frameworks */ = {isa = PBXBuildFile; productRef = 565003432CDE24F800101B16 /* SceytChatUIKit */; };
		5674A3052C7C8E6600C51A07 /* SceytChatUIKit in Frameworks */ = {isa = PBXBuildFile; productRef = 5674A3042C7C8E6600C51A07 /* SceytChatUIKit */; };
		5674A30D2C7CC17E00C51A07 /* SceytChatUIKit in Frameworks */ = {isa = PBXBuildFile; productRef = 5674A30C2C7CC17E00C51A07 /* SceytChatUIKit */; };
		5674A3162C7F670300C51A07 /* SceytChatUIKit in Frameworks */ = {isa = PBXBuildFile; productRef = 5674A3152C7F670300C51A07 /* SceytChatUIKit */; };
		5682FA142CBFDBD6007413C1 /* SceytChatUIKit in Frameworks */ = {isa = PBXBuildFile; productRef = 5682FA132CBFDBD6007413C1 /* SceytChatUIKit */; };
		5692FDFE2CC1416B00803B3F /* SceytChatUIKit in Frameworks */ = {isa = PBXBuildFile; productRef = 5692FDFD2CC1416B00803B3F /* SceytChatUIKit */; };
		5692FE002CC159B300803B3F /* CustomChannelInfoViewController.swift in Sources */ = {isa = PBXBuildFile; fileRef = 5692FDFF2CC159B300803B3F /* CustomChannelInfoViewController.swift */; };
		5694FF382C664FBA008DA2DC /* SceytChatUIKit in Frameworks */ = {isa = PBXBuildFile; productRef = 5694FF372C664FBA008DA2DC /* SceytChatUIKit */; };
		56F069CF2CC62D61003D74D8 /* SceytChatUIKit in Frameworks */ = {isa = PBXBuildFile; productRef = 56F069CE2CC62D61003D74D8 /* SceytChatUIKit */; };
		56F88D9E2C00D3890010C3E4 /* UserDisplayNameFormatter.swift in Sources */ = {isa = PBXBuildFile; fileRef = 56F88D9D2C00D3890010C3E4 /* UserDisplayNameFormatter.swift */; };
		C51C930E2B565C9C0069F9DA /* LoginViewController.swift in Sources */ = {isa = PBXBuildFile; fileRef = C51C930D2B565C9C0069F9DA /* LoginViewController.swift */; };
		C51C93102B5660CB0069F9DA /* ConnectionService.swift in Sources */ = {isa = PBXBuildFile; fileRef = C51C930F2B5660CB0069F9DA /* ConnectionService.swift */; };
		C51C93122B566FF50069F9DA /* UserProfile.swift in Sources */ = {isa = PBXBuildFile; fileRef = C51C93112B566FF50069F9DA /* UserProfile.swift */; };
		C54DF6BB2AECF09100767983 /* AppDelegate.swift in Sources */ = {isa = PBXBuildFile; fileRef = C54DF6BA2AECF09100767983 /* AppDelegate.swift */; };
		C54DF6BD2AECF09100767983 /* SceneDelegate.swift in Sources */ = {isa = PBXBuildFile; fileRef = C54DF6BC2AECF09100767983 /* SceneDelegate.swift */; };
		C54DF6BF2AECF09100767983 /* TabBarController.swift in Sources */ = {isa = PBXBuildFile; fileRef = C54DF6BE2AECF09100767983 /* TabBarController.swift */; };
		C54DF6C22AECF09100767983 /* Main.storyboard in Resources */ = {isa = PBXBuildFile; fileRef = C54DF6C02AECF09100767983 /* Main.storyboard */; };
		C54DF6C42AECF09400767983 /* Assets.xcassets in Resources */ = {isa = PBXBuildFile; fileRef = C54DF6C32AECF09400767983 /* Assets.xcassets */; };
		C54DF6C72AECF09400767983 /* LaunchScreen.storyboard in Resources */ = {isa = PBXBuildFile; fileRef = C54DF6C52AECF09400767983 /* LaunchScreen.storyboard */; };
		C54DF6CF2AECF19300767983 /* Config.swift in Sources */ = {isa = PBXBuildFile; fileRef = C54DF6CE2AECF19300767983 /* Config.swift */; };
		C5B97EA42B5692070070C913 /* SceytChatUIKit in Frameworks */ = {isa = PBXBuildFile; productRef = C5B97EA32B5692070070C913 /* SceytChatUIKit */; };
		C5F467D42AF020B2009AB0E5 /* README.md in Resources */ = {isa = PBXBuildFile; fileRef = C5F467D32AF020B2009AB0E5 /* README.md */; };
/* End PBXBuildFile section */

/* Begin PBXFileReference section */
		561169DC2CBD44A300DC1979 /* SplashViewController.swift */ = {isa = PBXFileReference; lastKnownFileType = sourcecode.swift; path = SplashViewController.swift; sourceTree = "<group>"; };
		561169DE2CBD460100DC1979 /* LandingViewController.swift */ = {isa = PBXFileReference; lastKnownFileType = sourcecode.swift; path = LandingViewController.swift; sourceTree = "<group>"; };
		561169E02CBD511500DC1979 /* CustomPresentationController.swift */ = {isa = PBXFileReference; lastKnownFileType = sourcecode.swift; path = CustomPresentationController.swift; sourceTree = "<group>"; };
		561169E22CBD512D00DC1979 /* CustomInteractiveTransitionNavigationController.swift */ = {isa = PBXFileReference; lastKnownFileType = sourcecode.swift; path = CustomInteractiveTransitionNavigationController.swift; sourceTree = "<group>"; };
		561169E42CBD51AC00DC1979 /* AccountPickerViewController.swift */ = {isa = PBXFileReference; lastKnownFileType = sourcecode.swift; path = AccountPickerViewController.swift; sourceTree = "<group>"; };
		5649B99C2CBE79F000E3B190 /* ProfileViewController.swift */ = {isa = PBXFileReference; lastKnownFileType = sourcecode.swift; path = ProfileViewController.swift; sourceTree = "<group>"; };
		5649B99E2CBE907400E3B190 /* EditProfileViewController.swift */ = {isa = PBXFileReference; lastKnownFileType = sourcecode.swift; path = EditProfileViewController.swift; sourceTree = "<group>"; };
		5649B9A72CBFA84800E3B190 /* AppCoordinator.swift */ = {isa = PBXFileReference; lastKnownFileType = sourcecode.swift; path = AppCoordinator.swift; sourceTree = "<group>"; };
		5649B9A92CBFA91400E3B190 /* Debouncer.swift */ = {isa = PBXFileReference; lastKnownFileType = sourcecode.swift; path = Debouncer.swift; sourceTree = "<group>"; };
		5649B9AE2CBFB43100E3B190 /* String+Extensions.swift */ = {isa = PBXFileReference; lastKnownFileType = sourcecode.swift; path = "String+Extensions.swift"; sourceTree = "<group>"; };
		5649B9B02CBFB44F00E3B190 /* ProfileEditNameCell.swift */ = {isa = PBXFileReference; lastKnownFileType = sourcecode.swift; path = ProfileEditNameCell.swift; sourceTree = "<group>"; };
		5649B9B22CBFB45D00E3B190 /* ProfileEditAvatarCell.swift */ = {isa = PBXFileReference; lastKnownFileType = sourcecode.swift; path = ProfileEditAvatarCell.swift; sourceTree = "<group>"; };
		5649B9B42CBFB4D800E3B190 /* UITableView+Extensions.swift */ = {isa = PBXFileReference; lastKnownFileType = sourcecode.swift; path = "UITableView+Extensions.swift"; sourceTree = "<group>"; };
		5649B9B62CBFB4E600E3B190 /* UIView+Extensiosn.swift */ = {isa = PBXFileReference; lastKnownFileType = sourcecode.swift; path = "UIView+Extensiosn.swift"; sourceTree = "<group>"; };
		5649B9B82CBFB62800E3B190 /* UsernameValidation.swift */ = {isa = PBXFileReference; lastKnownFileType = sourcecode.swift; path = UsernameValidation.swift; sourceTree = "<group>"; };
		5649B9BA2CBFBA0000E3B190 /* RequestManager.swift */ = {isa = PBXFileReference; lastKnownFileType = sourcecode.swift; path = RequestManager.swift; sourceTree = "<group>"; };
		5692FDFF2CC159B300803B3F /* CustomChannelInfoViewController.swift */ = {isa = PBXFileReference; lastKnownFileType = sourcecode.swift; path = CustomChannelInfoViewController.swift; sourceTree = "<group>"; };
		56D0BBCB2CD4F7AE00FF7208 /* SceytDemoApp.entitlements */ = {isa = PBXFileReference; lastKnownFileType = text.plist.entitlements; path = SceytDemoApp.entitlements; sourceTree = "<group>"; };
		56F88D9D2C00D3890010C3E4 /* UserDisplayNameFormatter.swift */ = {isa = PBXFileReference; fileEncoding = 4; lastKnownFileType = sourcecode.swift; path = UserDisplayNameFormatter.swift; sourceTree = "<group>"; };
		C51C930D2B565C9C0069F9DA /* LoginViewController.swift */ = {isa = PBXFileReference; lastKnownFileType = sourcecode.swift; path = LoginViewController.swift; sourceTree = "<group>"; };
		C51C930F2B5660CB0069F9DA /* ConnectionService.swift */ = {isa = PBXFileReference; lastKnownFileType = sourcecode.swift; path = ConnectionService.swift; sourceTree = "<group>"; };
		C51C93112B566FF50069F9DA /* UserProfile.swift */ = {isa = PBXFileReference; lastKnownFileType = sourcecode.swift; path = UserProfile.swift; sourceTree = "<group>"; };
		C54DF6B72AECF09100767983 /* SceytDemoApp.app */ = {isa = PBXFileReference; explicitFileType = wrapper.application; includeInIndex = 0; path = SceytDemoApp.app; sourceTree = BUILT_PRODUCTS_DIR; };
		C54DF6BA2AECF09100767983 /* AppDelegate.swift */ = {isa = PBXFileReference; lastKnownFileType = sourcecode.swift; path = AppDelegate.swift; sourceTree = "<group>"; };
		C54DF6BC2AECF09100767983 /* SceneDelegate.swift */ = {isa = PBXFileReference; lastKnownFileType = sourcecode.swift; path = SceneDelegate.swift; sourceTree = "<group>"; };
		C54DF6BE2AECF09100767983 /* TabBarController.swift */ = {isa = PBXFileReference; lastKnownFileType = sourcecode.swift; path = TabBarController.swift; sourceTree = "<group>"; };
		C54DF6C12AECF09100767983 /* Base */ = {isa = PBXFileReference; lastKnownFileType = file.storyboard; name = Base; path = Base.lproj/Main.storyboard; sourceTree = "<group>"; };
		C54DF6C32AECF09400767983 /* Assets.xcassets */ = {isa = PBXFileReference; lastKnownFileType = folder.assetcatalog; path = Assets.xcassets; sourceTree = "<group>"; };
		C54DF6C62AECF09400767983 /* Base */ = {isa = PBXFileReference; lastKnownFileType = file.storyboard; name = Base; path = Base.lproj/LaunchScreen.storyboard; sourceTree = "<group>"; };
		C54DF6C82AECF09400767983 /* Info.plist */ = {isa = PBXFileReference; lastKnownFileType = text.plist.xml; path = Info.plist; sourceTree = "<group>"; };
		C54DF6CE2AECF19300767983 /* Config.swift */ = {isa = PBXFileReference; lastKnownFileType = sourcecode.swift; path = Config.swift; sourceTree = "<group>"; };
		C5F467D32AF020B2009AB0E5 /* README.md */ = {isa = PBXFileReference; fileEncoding = 4; lastKnownFileType = net.daringfireball.markdown; path = README.md; sourceTree = SOURCE_ROOT; };
/* End PBXFileReference section */

/* Begin PBXFrameworksBuildPhase section */
		C54DF6B42AECF09100767983 /* Frameworks */ = {
			isa = PBXFrameworksBuildPhase;
			buildActionMask = 2147483647;
			files = (
				56F069CF2CC62D61003D74D8 /* SceytChatUIKit in Frameworks */,
				5674A3162C7F670300C51A07 /* SceytChatUIKit in Frameworks */,
				5674A30D2C7CC17E00C51A07 /* SceytChatUIKit in Frameworks */,
				5649B9992CBE5C4400E3B190 /* SceytChatUIKit in Frameworks */,
				5649B9AD2CBFAADE00E3B190 /* SceytChatUIKit in Frameworks */,
				5682FA142CBFDBD6007413C1 /* SceytChatUIKit in Frameworks */,
				560E295D2CC6788C003A4A17 /* SceytChatUIKit in Frameworks */,
				5692FDFE2CC1416B00803B3F /* SceytChatUIKit in Frameworks */,
				565003442CDE24F800101B16 /* SceytChatUIKit in Frameworks */,
				5694FF382C664FBA008DA2DC /* SceytChatUIKit in Frameworks */,
				C5B97EA42B5692070070C913 /* SceytChatUIKit in Frameworks */,
				5674A3052C7C8E6600C51A07 /* SceytChatUIKit in Frameworks */,
			);
			runOnlyForDeploymentPostprocessing = 0;
		};
/* End PBXFrameworksBuildPhase section */

/* Begin PBXGroup section */
		5649B9A12CBFA74800E3B190 /* Views */ = {
			isa = PBXGroup;
			children = (
				561169DC2CBD44A300DC1979 /* SplashViewController.swift */,
				5649B9A32CBFA75E00E3B190 /* Authorization */,
				5649B9A22CBFA75200E3B190 /* Main */,
			);
			path = Views;
			sourceTree = "<group>";
		};
		5649B9A22CBFA75200E3B190 /* Main */ = {
			isa = PBXGroup;
			children = (
				5649B9A42CBFA76800E3B190 /* Profile */,
				C54DF6BE2AECF09100767983 /* TabBarController.swift */,
				5692FDFF2CC159B300803B3F /* CustomChannelInfoViewController.swift */,
			);
			path = Main;
			sourceTree = "<group>";
		};
		5649B9A32CBFA75E00E3B190 /* Authorization */ = {
			isa = PBXGroup;
			children = (
				561169DE2CBD460100DC1979 /* LandingViewController.swift */,
				561169E42CBD51AC00DC1979 /* AccountPickerViewController.swift */,
				C51C930D2B565C9C0069F9DA /* LoginViewController.swift */,
				561169E02CBD511500DC1979 /* CustomPresentationController.swift */,
				561169E22CBD512D00DC1979 /* CustomInteractiveTransitionNavigationController.swift */,
			);
			path = Authorization;
			sourceTree = "<group>";
		};
		5649B9A42CBFA76800E3B190 /* Profile */ = {
			isa = PBXGroup;
			children = (
				5649B99C2CBE79F000E3B190 /* ProfileViewController.swift */,
				5649B99E2CBE907400E3B190 /* EditProfileViewController.swift */,
				5649B9B22CBFB45D00E3B190 /* ProfileEditAvatarCell.swift */,
				5649B9B02CBFB44F00E3B190 /* ProfileEditNameCell.swift */,
			);
			path = Profile;
			sourceTree = "<group>";
		};
		5649B9A52CBFA7E800E3B190 /* Common */ = {
			isa = PBXGroup;
			children = (
				C54DF6CE2AECF19300767983 /* Config.swift */,
				C51C930F2B5660CB0069F9DA /* ConnectionService.swift */,
				C51C93112B566FF50069F9DA /* UserProfile.swift */,
				5649B9BA2CBFBA0000E3B190 /* RequestManager.swift */,
				5649B9A72CBFA84800E3B190 /* AppCoordinator.swift */,
				56F88D9D2C00D3890010C3E4 /* UserDisplayNameFormatter.swift */,
				5649B9B82CBFB62800E3B190 /* UsernameValidation.swift */,
				5649B9A92CBFA91400E3B190 /* Debouncer.swift */,
			);
			path = Common;
			sourceTree = "<group>";
		};
		5649B9BC2CBFBCBF00E3B190 /* Utils */ = {
			isa = PBXGroup;
			children = (
				5649B9AE2CBFB43100E3B190 /* String+Extensions.swift */,
				5649B9B42CBFB4D800E3B190 /* UITableView+Extensions.swift */,
				5649B9B62CBFB4E600E3B190 /* UIView+Extensiosn.swift */,
			);
			path = Utils;
			sourceTree = "<group>";
		};
		C54DF6AE2AECF09100767983 = {
			isa = PBXGroup;
			children = (
				C54DF6B92AECF09100767983 /* SceytDemoApp */,
				C54DF6B82AECF09100767983 /* Products */,
			);
			sourceTree = "<group>";
		};
		C54DF6B82AECF09100767983 /* Products */ = {
			isa = PBXGroup;
			children = (
				C54DF6B72AECF09100767983 /* SceytDemoApp.app */,
			);
			name = Products;
			sourceTree = "<group>";
		};
		C54DF6B92AECF09100767983 /* SceytDemoApp */ = {
			isa = PBXGroup;
			children = (
				56D0BBCB2CD4F7AE00FF7208 /* SceytDemoApp.entitlements */,
				C54DF6BA2AECF09100767983 /* AppDelegate.swift */,
				C54DF6BC2AECF09100767983 /* SceneDelegate.swift */,
				5649B9BC2CBFBCBF00E3B190 /* Utils */,
				5649B9A52CBFA7E800E3B190 /* Common */,
				5649B9A12CBFA74800E3B190 /* Views */,
				C54DF6C02AECF09100767983 /* Main.storyboard */,
				C54DF6C32AECF09400767983 /* Assets.xcassets */,
				C54DF6C52AECF09400767983 /* LaunchScreen.storyboard */,
				C54DF6C82AECF09400767983 /* Info.plist */,
				C5F467D32AF020B2009AB0E5 /* README.md */,
			);
			path = SceytDemoApp;
			sourceTree = "<group>";
		};
/* End PBXGroup section */

/* Begin PBXNativeTarget section */
		C54DF6B62AECF09100767983 /* SceytDemoApp */ = {
			isa = PBXNativeTarget;
			buildConfigurationList = C54DF6CB2AECF09400767983 /* Build configuration list for PBXNativeTarget "SceytDemoApp" */;
			buildPhases = (
				C54DF6B32AECF09100767983 /* Sources */,
				C54DF6B42AECF09100767983 /* Frameworks */,
				C54DF6B52AECF09100767983 /* Resources */,
			);
			buildRules = (
			);
			dependencies = (
			);
			name = SceytDemoApp;
			packageProductDependencies = (
				C5B97EA32B5692070070C913 /* SceytChatUIKit */,
				5694FF372C664FBA008DA2DC /* SceytChatUIKit */,
				5674A3042C7C8E6600C51A07 /* SceytChatUIKit */,
				5674A30C2C7CC17E00C51A07 /* SceytChatUIKit */,
				5674A3152C7F670300C51A07 /* SceytChatUIKit */,
				5649B9982CBE5C4400E3B190 /* SceytChatUIKit */,
				5649B9AC2CBFAADE00E3B190 /* SceytChatUIKit */,
				5682FA132CBFDBD6007413C1 /* SceytChatUIKit */,
				5692FDFD2CC1416B00803B3F /* SceytChatUIKit */,
				56F069CE2CC62D61003D74D8 /* SceytChatUIKit */,
				560E295C2CC6788C003A4A17 /* SceytChatUIKit */,
				565003432CDE24F800101B16 /* SceytChatUIKit */,
			);
			productName = SceytDemoApp;
			productReference = C54DF6B72AECF09100767983 /* SceytDemoApp.app */;
			productType = "com.apple.product-type.application";
		};
/* End PBXNativeTarget section */

/* Begin PBXProject section */
		C54DF6AF2AECF09100767983 /* Project object */ = {
			isa = PBXProject;
			attributes = {
				BuildIndependentTargetsInParallel = 1;
				LastSwiftUpdateCheck = 1500;
				LastUpgradeCheck = 1500;
				ORGANIZATIONNAME = "Sceyt LLC";
				TargetAttributes = {
					C54DF6B62AECF09100767983 = {
						CreatedOnToolsVersion = 15.0.1;
					};
				};
			};
			buildConfigurationList = C54DF6B22AECF09100767983 /* Build configuration list for PBXProject "SceytDemoApp" */;
			compatibilityVersion = "Xcode 14.0";
			developmentRegion = en;
			hasScannedForEncodings = 0;
			knownRegions = (
				en,
				Base,
			);
			mainGroup = C54DF6AE2AECF09100767983;
			packageReferences = (
				565003422CDE24F800101B16 /* XCRemoteSwiftPackageReference "sceyt-chat-ios-uikit" */,
			);
			productRefGroup = C54DF6B82AECF09100767983 /* Products */;
			projectDirPath = "";
			projectRoot = "";
			targets = (
				C54DF6B62AECF09100767983 /* SceytDemoApp */,
			);
		};
/* End PBXProject section */

/* Begin PBXResourcesBuildPhase section */
		C54DF6B52AECF09100767983 /* Resources */ = {
			isa = PBXResourcesBuildPhase;
			buildActionMask = 2147483647;
			files = (
				C54DF6C72AECF09400767983 /* LaunchScreen.storyboard in Resources */,
				C54DF6C42AECF09400767983 /* Assets.xcassets in Resources */,
				C5F467D42AF020B2009AB0E5 /* README.md in Resources */,
				C54DF6C22AECF09100767983 /* Main.storyboard in Resources */,
			);
			runOnlyForDeploymentPostprocessing = 0;
		};
/* End PBXResourcesBuildPhase section */

/* Begin PBXSourcesBuildPhase section */
		C54DF6B32AECF09100767983 /* Sources */ = {
			isa = PBXSourcesBuildPhase;
			buildActionMask = 2147483647;
			files = (
				5649B9B32CBFB45D00E3B190 /* ProfileEditAvatarCell.swift in Sources */,
				5649B99F2CBE907400E3B190 /* EditProfileViewController.swift in Sources */,
				5649B9B72CBFB4E600E3B190 /* UIView+Extensiosn.swift in Sources */,
				5649B9BB2CBFBA0000E3B190 /* RequestManager.swift in Sources */,
				561169E32CBD512D00DC1979 /* CustomInteractiveTransitionNavigationController.swift in Sources */,
				5692FE002CC159B300803B3F /* CustomChannelInfoViewController.swift in Sources */,
				5649B9B92CBFB62800E3B190 /* UsernameValidation.swift in Sources */,
				C51C93102B5660CB0069F9DA /* ConnectionService.swift in Sources */,
				56F88D9E2C00D3890010C3E4 /* UserDisplayNameFormatter.swift in Sources */,
				5649B9AF2CBFB43100E3B190 /* String+Extensions.swift in Sources */,
				5649B9A82CBFA84800E3B190 /* AppCoordinator.swift in Sources */,
				561169DF2CBD460100DC1979 /* LandingViewController.swift in Sources */,
				5649B9B12CBFB44F00E3B190 /* ProfileEditNameCell.swift in Sources */,
				C51C930E2B565C9C0069F9DA /* LoginViewController.swift in Sources */,
				C54DF6BF2AECF09100767983 /* TabBarController.swift in Sources */,
				561169E52CBD51AC00DC1979 /* AccountPickerViewController.swift in Sources */,
				C51C93122B566FF50069F9DA /* UserProfile.swift in Sources */,
				C54DF6CF2AECF19300767983 /* Config.swift in Sources */,
				561169E12CBD511500DC1979 /* CustomPresentationController.swift in Sources */,
				5649B9B52CBFB4D800E3B190 /* UITableView+Extensions.swift in Sources */,
				C54DF6BB2AECF09100767983 /* AppDelegate.swift in Sources */,
				5649B99D2CBE79F000E3B190 /* ProfileViewController.swift in Sources */,
				5649B9AA2CBFA91400E3B190 /* Debouncer.swift in Sources */,
				C54DF6BD2AECF09100767983 /* SceneDelegate.swift in Sources */,
				561169DD2CBD44A300DC1979 /* SplashViewController.swift in Sources */,
			);
			runOnlyForDeploymentPostprocessing = 0;
		};
/* End PBXSourcesBuildPhase section */

/* Begin PBXVariantGroup section */
		C54DF6C02AECF09100767983 /* Main.storyboard */ = {
			isa = PBXVariantGroup;
			children = (
				C54DF6C12AECF09100767983 /* Base */,
			);
			name = Main.storyboard;
			sourceTree = "<group>";
		};
		C54DF6C52AECF09400767983 /* LaunchScreen.storyboard */ = {
			isa = PBXVariantGroup;
			children = (
				C54DF6C62AECF09400767983 /* Base */,
			);
			name = LaunchScreen.storyboard;
			sourceTree = "<group>";
		};
/* End PBXVariantGroup section */

/* Begin XCBuildConfiguration section */
		C54DF6C92AECF09400767983 /* Debug */ = {
			isa = XCBuildConfiguration;
			buildSettings = {
				ALWAYS_SEARCH_USER_PATHS = NO;
				ASSETCATALOG_COMPILER_GENERATE_SWIFT_ASSET_SYMBOL_EXTENSIONS = YES;
				CLANG_ANALYZER_NONNULL = YES;
				CLANG_ANALYZER_NUMBER_OBJECT_CONVERSION = YES_AGGRESSIVE;
				CLANG_CXX_LANGUAGE_STANDARD = "gnu++20";
				CLANG_ENABLE_MODULES = YES;
				CLANG_ENABLE_OBJC_ARC = YES;
				CLANG_ENABLE_OBJC_WEAK = YES;
				CLANG_WARN_BLOCK_CAPTURE_AUTORELEASING = YES;
				CLANG_WARN_BOOL_CONVERSION = YES;
				CLANG_WARN_COMMA = YES;
				CLANG_WARN_CONSTANT_CONVERSION = YES;
				CLANG_WARN_DEPRECATED_OBJC_IMPLEMENTATIONS = YES;
				CLANG_WARN_DIRECT_OBJC_ISA_USAGE = YES_ERROR;
				CLANG_WARN_DOCUMENTATION_COMMENTS = YES;
				CLANG_WARN_EMPTY_BODY = YES;
				CLANG_WARN_ENUM_CONVERSION = YES;
				CLANG_WARN_INFINITE_RECURSION = YES;
				CLANG_WARN_INT_CONVERSION = YES;
				CLANG_WARN_NON_LITERAL_NULL_CONVERSION = YES;
				CLANG_WARN_OBJC_IMPLICIT_RETAIN_SELF = YES;
				CLANG_WARN_OBJC_LITERAL_CONVERSION = YES;
				CLANG_WARN_OBJC_ROOT_CLASS = YES_ERROR;
				CLANG_WARN_QUOTED_INCLUDE_IN_FRAMEWORK_HEADER = YES;
				CLANG_WARN_RANGE_LOOP_ANALYSIS = YES;
				CLANG_WARN_STRICT_PROTOTYPES = YES;
				CLANG_WARN_SUSPICIOUS_MOVE = YES;
				CLANG_WARN_UNGUARDED_AVAILABILITY = YES_AGGRESSIVE;
				CLANG_WARN_UNREACHABLE_CODE = YES;
				CLANG_WARN__DUPLICATE_METHOD_MATCH = YES;
				COPY_PHASE_STRIP = NO;
				DEBUG_INFORMATION_FORMAT = "dwarf-with-dsym";
				ENABLE_STRICT_OBJC_MSGSEND = YES;
				ENABLE_TESTABILITY = YES;
				ENABLE_USER_SCRIPT_SANDBOXING = YES;
				GCC_C_LANGUAGE_STANDARD = gnu17;
				GCC_DYNAMIC_NO_PIC = NO;
				GCC_NO_COMMON_BLOCKS = YES;
				GCC_OPTIMIZATION_LEVEL = 0;
				GCC_PREPROCESSOR_DEFINITIONS = (
					"DEBUG=1",
					"$(inherited)",
				);
				GCC_WARN_64_TO_32_BIT_CONVERSION = YES;
				GCC_WARN_ABOUT_RETURN_TYPE = YES_ERROR;
				GCC_WARN_UNDECLARED_SELECTOR = YES;
				GCC_WARN_UNINITIALIZED_AUTOS = YES_AGGRESSIVE;
				GCC_WARN_UNUSED_FUNCTION = YES;
				GCC_WARN_UNUSED_VARIABLE = YES;
				IPHONEOS_DEPLOYMENT_TARGET = 13.0;
				LOCALIZATION_PREFERS_STRING_CATALOGS = YES;
				MTL_ENABLE_DEBUG_INFO = INCLUDE_SOURCE;
				MTL_FAST_MATH = YES;
				ONLY_ACTIVE_ARCH = YES;
				SDKROOT = iphoneos;
				SWIFT_ACTIVE_COMPILATION_CONDITIONS = "DEBUG $(inherited)";
				SWIFT_OPTIMIZATION_LEVEL = "-Onone";
			};
			name = Debug;
		};
		C54DF6CA2AECF09400767983 /* Release */ = {
			isa = XCBuildConfiguration;
			buildSettings = {
				ALWAYS_SEARCH_USER_PATHS = NO;
				ASSETCATALOG_COMPILER_GENERATE_SWIFT_ASSET_SYMBOL_EXTENSIONS = YES;
				CLANG_ANALYZER_NONNULL = YES;
				CLANG_ANALYZER_NUMBER_OBJECT_CONVERSION = YES_AGGRESSIVE;
				CLANG_CXX_LANGUAGE_STANDARD = "gnu++20";
				CLANG_ENABLE_MODULES = YES;
				CLANG_ENABLE_OBJC_ARC = YES;
				CLANG_ENABLE_OBJC_WEAK = YES;
				CLANG_WARN_BLOCK_CAPTURE_AUTORELEASING = YES;
				CLANG_WARN_BOOL_CONVERSION = YES;
				CLANG_WARN_COMMA = YES;
				CLANG_WARN_CONSTANT_CONVERSION = YES;
				CLANG_WARN_DEPRECATED_OBJC_IMPLEMENTATIONS = YES;
				CLANG_WARN_DIRECT_OBJC_ISA_USAGE = YES_ERROR;
				CLANG_WARN_DOCUMENTATION_COMMENTS = YES;
				CLANG_WARN_EMPTY_BODY = YES;
				CLANG_WARN_ENUM_CONVERSION = YES;
				CLANG_WARN_INFINITE_RECURSION = YES;
				CLANG_WARN_INT_CONVERSION = YES;
				CLANG_WARN_NON_LITERAL_NULL_CONVERSION = YES;
				CLANG_WARN_OBJC_IMPLICIT_RETAIN_SELF = YES;
				CLANG_WARN_OBJC_LITERAL_CONVERSION = YES;
				CLANG_WARN_OBJC_ROOT_CLASS = YES_ERROR;
				CLANG_WARN_QUOTED_INCLUDE_IN_FRAMEWORK_HEADER = YES;
				CLANG_WARN_RANGE_LOOP_ANALYSIS = YES;
				CLANG_WARN_STRICT_PROTOTYPES = YES;
				CLANG_WARN_SUSPICIOUS_MOVE = YES;
				CLANG_WARN_UNGUARDED_AVAILABILITY = YES_AGGRESSIVE;
				CLANG_WARN_UNREACHABLE_CODE = YES;
				CLANG_WARN__DUPLICATE_METHOD_MATCH = YES;
				COPY_PHASE_STRIP = NO;
				DEBUG_INFORMATION_FORMAT = "dwarf-with-dsym";
				ENABLE_NS_ASSERTIONS = NO;
				ENABLE_STRICT_OBJC_MSGSEND = YES;
				ENABLE_USER_SCRIPT_SANDBOXING = YES;
				GCC_C_LANGUAGE_STANDARD = gnu17;
				GCC_NO_COMMON_BLOCKS = YES;
				GCC_WARN_64_TO_32_BIT_CONVERSION = YES;
				GCC_WARN_ABOUT_RETURN_TYPE = YES_ERROR;
				GCC_WARN_UNDECLARED_SELECTOR = YES;
				GCC_WARN_UNINITIALIZED_AUTOS = YES_AGGRESSIVE;
				GCC_WARN_UNUSED_FUNCTION = YES;
				GCC_WARN_UNUSED_VARIABLE = YES;
				IPHONEOS_DEPLOYMENT_TARGET = 13.0;
				LOCALIZATION_PREFERS_STRING_CATALOGS = YES;
				MTL_ENABLE_DEBUG_INFO = NO;
				MTL_FAST_MATH = YES;
				SDKROOT = iphoneos;
				SWIFT_COMPILATION_MODE = wholemodule;
				VALIDATE_PRODUCT = YES;
			};
			name = Release;
		};
		C54DF6CC2AECF09400767983 /* Debug */ = {
			isa = XCBuildConfiguration;
			buildSettings = {
				ASSETCATALOG_COMPILER_APPICON_NAME = AppIcon;
				ASSETCATALOG_COMPILER_GLOBAL_ACCENT_COLOR_NAME = AccentColor;
				CODE_SIGN_ENTITLEMENTS = SceytDemoApp/SceytDemoApp.entitlements;
				CODE_SIGN_STYLE = Automatic;
				CURRENT_PROJECT_VERSION = 9;
				DEVELOPMENT_TEAM = 289SR6UP83;
				GENERATE_INFOPLIST_FILE = YES;
				INFOPLIST_FILE = SceytDemoApp/Info.plist;
				INFOPLIST_KEY_CFBundleDisplayName = "Sceyt Chat";
				INFOPLIST_KEY_LSApplicationCategoryType = "public.app-category.developer-tools";
				INFOPLIST_KEY_NSCameraUsageDescription = "Sceyt Chat needs access to your camera to let you share photos and videos during chats. Please enable camera access to enhance your messaging experience.";
				INFOPLIST_KEY_NSMicrophoneUsageDescription = "Sceyt Chat requires microphone access to record and send voice messages. Please grant permission to use this feature effectively.";
				INFOPLIST_KEY_NSPhotoLibraryAddUsageDescription = "Sceyt Chat needs access to your photo library to let you add photos and videos to your chats. Please enable photo library access to enhance your messaging experience.";
				INFOPLIST_KEY_NSPhotoLibraryUsageDescription = "Sceyt Chat requires access to your photo library to view and share your existing photos and videos. Please grant permission to use this feature effectively.";
				INFOPLIST_KEY_UIApplicationSupportsIndirectInputEvents = YES;
				INFOPLIST_KEY_UILaunchStoryboardName = LaunchScreen;
				INFOPLIST_KEY_UIMainStoryboardFile = Main;
				INFOPLIST_KEY_UISupportedInterfaceOrientations_iPad = "UIInterfaceOrientationPortrait UIInterfaceOrientationPortraitUpsideDown UIInterfaceOrientationLandscapeLeft UIInterfaceOrientationLandscapeRight";
				INFOPLIST_KEY_UISupportedInterfaceOrientations_iPhone = "UIInterfaceOrientationPortrait UIInterfaceOrientationLandscapeLeft UIInterfaceOrientationLandscapeRight";
				LD_RUNPATH_SEARCH_PATHS = (
					"$(inherited)",
					"@executable_path/Frameworks",
				);
				MARKETING_VERSION = 1.1;
				PRODUCT_BUNDLE_IDENTIFIER = com.sceyt.chat.demo;
				PRODUCT_NAME = "$(TARGET_NAME)";
				SUPPORTED_PLATFORMS = "iphoneos iphonesimulator";
				SUPPORTS_MACCATALYST = NO;
				SUPPORTS_MAC_DESIGNED_FOR_IPHONE_IPAD = NO;
				SUPPORTS_XR_DESIGNED_FOR_IPHONE_IPAD = NO;
				SWIFT_EMIT_LOC_STRINGS = YES;
				SWIFT_VERSION = 5.0;
				TARGETED_DEVICE_FAMILY = 1;
			};
			name = Debug;
		};
		C54DF6CD2AECF09400767983 /* Release */ = {
			isa = XCBuildConfiguration;
			buildSettings = {
				ASSETCATALOG_COMPILER_APPICON_NAME = AppIcon;
				ASSETCATALOG_COMPILER_GLOBAL_ACCENT_COLOR_NAME = AccentColor;
				CODE_SIGN_ENTITLEMENTS = SceytDemoApp/SceytDemoApp.entitlements;
				CODE_SIGN_STYLE = Automatic;
				CURRENT_PROJECT_VERSION = 9;
				DEVELOPMENT_TEAM = 289SR6UP83;
				GENERATE_INFOPLIST_FILE = YES;
				INFOPLIST_FILE = SceytDemoApp/Info.plist;
				INFOPLIST_KEY_CFBundleDisplayName = "Sceyt Chat";
				INFOPLIST_KEY_LSApplicationCategoryType = "public.app-category.developer-tools";
				INFOPLIST_KEY_NSCameraUsageDescription = "Sceyt Chat needs access to your camera to let you share photos and videos during chats. Please enable camera access to enhance your messaging experience.";
				INFOPLIST_KEY_NSMicrophoneUsageDescription = "Sceyt Chat requires microphone access to record and send voice messages. Please grant permission to use this feature effectively.";
				INFOPLIST_KEY_NSPhotoLibraryAddUsageDescription = "Sceyt Chat needs access to your photo library to let you add photos and videos to your chats. Please enable photo library access to enhance your messaging experience.";
				INFOPLIST_KEY_NSPhotoLibraryUsageDescription = "Sceyt Chat requires access to your photo library to view and share your existing photos and videos. Please grant permission to use this feature effectively.";
				INFOPLIST_KEY_UIApplicationSupportsIndirectInputEvents = YES;
				INFOPLIST_KEY_UILaunchStoryboardName = LaunchScreen;
				INFOPLIST_KEY_UIMainStoryboardFile = Main;
				INFOPLIST_KEY_UISupportedInterfaceOrientations_iPad = "UIInterfaceOrientationPortrait UIInterfaceOrientationPortraitUpsideDown UIInterfaceOrientationLandscapeLeft UIInterfaceOrientationLandscapeRight";
				INFOPLIST_KEY_UISupportedInterfaceOrientations_iPhone = "UIInterfaceOrientationPortrait UIInterfaceOrientationLandscapeLeft UIInterfaceOrientationLandscapeRight";
				LD_RUNPATH_SEARCH_PATHS = (
					"$(inherited)",
					"@executable_path/Frameworks",
				);
				MARKETING_VERSION = 1.1;
				PRODUCT_BUNDLE_IDENTIFIER = com.sceyt.chat.demo;
				PRODUCT_NAME = "$(TARGET_NAME)";
				SUPPORTED_PLATFORMS = "iphoneos iphonesimulator";
				SUPPORTS_MACCATALYST = NO;
				SUPPORTS_MAC_DESIGNED_FOR_IPHONE_IPAD = NO;
				SUPPORTS_XR_DESIGNED_FOR_IPHONE_IPAD = NO;
				SWIFT_EMIT_LOC_STRINGS = YES;
				SWIFT_VERSION = 5.0;
				TARGETED_DEVICE_FAMILY = 1;
			};
			name = Release;
		};
/* End XCBuildConfiguration section */

/* Begin XCConfigurationList section */
		C54DF6B22AECF09100767983 /* Build configuration list for PBXProject "SceytDemoApp" */ = {
			isa = XCConfigurationList;
			buildConfigurations = (
				C54DF6C92AECF09400767983 /* Debug */,
				C54DF6CA2AECF09400767983 /* Release */,
			);
			defaultConfigurationIsVisible = 0;
			defaultConfigurationName = Release;
		};
		C54DF6CB2AECF09400767983 /* Build configuration list for PBXNativeTarget "SceytDemoApp" */ = {
			isa = XCConfigurationList;
			buildConfigurations = (
				C54DF6CC2AECF09400767983 /* Debug */,
				C54DF6CD2AECF09400767983 /* Release */,
			);
			defaultConfigurationIsVisible = 0;
			defaultConfigurationName = Release;
		};
/* End XCConfigurationList section */

/* Begin XCRemoteSwiftPackageReference section */
		565003422CDE24F800101B16 /* XCRemoteSwiftPackageReference "sceyt-chat-ios-uikit" */ = {
			isa = XCRemoteSwiftPackageReference;
			repositoryURL = "https://github.com/sceyt/sceyt-chat-ios-uikit";
			requirement = {
				branch = "bugfix/current-user-id-issue";
				kind = branch;
			};
		};
/* End XCRemoteSwiftPackageReference section */

/* Begin XCSwiftPackageProductDependency section */
		560E295C2CC6788C003A4A17 /* SceytChatUIKit */ = {
			isa = XCSwiftPackageProductDependency;
			productName = SceytChatUIKit;
		};
		5649B9982CBE5C4400E3B190 /* SceytChatUIKit */ = {
			isa = XCSwiftPackageProductDependency;
			productName = SceytChatUIKit;
		};
		5649B9AC2CBFAADE00E3B190 /* SceytChatUIKit */ = {
			isa = XCSwiftPackageProductDependency;
			productName = SceytChatUIKit;
		};
		565003432CDE24F800101B16 /* SceytChatUIKit */ = {
			isa = XCSwiftPackageProductDependency;
			package = 565003422CDE24F800101B16 /* XCRemoteSwiftPackageReference "sceyt-chat-ios-uikit" */;
			productName = SceytChatUIKit;
		};
		5674A3042C7C8E6600C51A07 /* SceytChatUIKit */ = {
			isa = XCSwiftPackageProductDependency;
			productName = SceytChatUIKit;
		};
		5674A30C2C7CC17E00C51A07 /* SceytChatUIKit */ = {
			isa = XCSwiftPackageProductDependency;
			productName = SceytChatUIKit;
		};
		5674A3152C7F670300C51A07 /* SceytChatUIKit */ = {
			isa = XCSwiftPackageProductDependency;
			productName = SceytChatUIKit;
		};
		5682FA132CBFDBD6007413C1 /* SceytChatUIKit */ = {
			isa = XCSwiftPackageProductDependency;
			productName = SceytChatUIKit;
		};
		5692FDFD2CC1416B00803B3F /* SceytChatUIKit */ = {
			isa = XCSwiftPackageProductDependency;
			productName = SceytChatUIKit;
		};
		5694FF372C664FBA008DA2DC /* SceytChatUIKit */ = {
			isa = XCSwiftPackageProductDependency;
			productName = SceytChatUIKit;
		};
		56F069CE2CC62D61003D74D8 /* SceytChatUIKit */ = {
			isa = XCSwiftPackageProductDependency;
			productName = SceytChatUIKit;
		};
		C5B97EA32B5692070070C913 /* SceytChatUIKit */ = {
			isa = XCSwiftPackageProductDependency;
			productName = SceytChatUIKit;
		};
/* End XCSwiftPackageProductDependency section */
	};
	rootObject = C54DF6AF2AECF09100767983 /* Project object */;
}
